
Microsoft Visual Studio Solution File, Format Version 12.00
# Visual Studio Version 16
VisualStudioVersion = 16.0.29025.244
MinimumVisualStudioVersion = 15.0.26124.0
Project("{9A19103F-16F7-4668-BE54-9A1E7A4F7556}") = "Arc.Executable.WebApi", "Arc.Executable.WebApi\Arc.Executable.WebApi.csproj", "{DD81AB20-B818-44A1-BB36-B1787D01461B}"
EndProject
Project("{9A19103F-16F7-4668-BE54-9A1E7A4F7556}") = "Arc.Database.Context", "Arc.Database.Context\Arc.Database.Context.csproj", "{960356FF-990F-4291-90B8-AC47F3961E5D}"
EndProject
Project("{9A19103F-16F7-4668-BE54-9A1E7A4F7556}") = "Arc.Infrastructure.Services", "Arc.Infrastructure.Services\Arc.Infrastructure.Services.csproj", "{97C07EFC-47FC-4ADD-9305-742F61BD0F6A}"
EndProject
Project("{9A19103F-16F7-4668-BE54-9A1E7A4F7556}") = "Arc.Executable.Migration", "Arc.Executable.Migration\Arc.Executable.Migration.csproj", "{EBFCC52A-61B6-4976-93A8-AA96789403B5}"
EndProject
Project("{9A19103F-16F7-4668-BE54-9A1E7A4F7556}") = "Arc.Infrastructure.Repositories", "Arc.Infrastructure.Repositories\Arc.Infrastructure.Repositories.csproj", "{D7398BD4-A177-4481-9FB2-668E67D47DB3}"
EndProject
Project("{9A19103F-16F7-4668-BE54-9A1E7A4F7556}") = "Arc.Models.Views.Common", "Arc.Models.Views.Common\Arc.Models.Views.Common.csproj", "{92399EED-B0C6-4FEB-9F08-4E818289DDB5}"
EndProject
Project("{9A19103F-16F7-4668-BE54-9A1E7A4F7556}") = "Arc.Infrastructure.Common", "Arc.Infrastructure.Common\Arc.Infrastructure.Common.csproj", "{023641F4-D1D8-4961-8EC1-EE9F8A7A83C6}"
EndProject
Project("{9A19103F-16F7-4668-BE54-9A1E7A4F7556}") = "Arc.Dependencies.Identity", "Arc.Dependencies.Identity\Arc.Dependencies.Identity.csproj", "{EDA0F032-34B3-414E-A6B9-CE5A0ED6864C}"
EndProject
Project("{9A19103F-16F7-4668-BE54-9A1E7A4F7556}") = "Arc.Dependencies.Cache", "Arc.Dependencies.Cache\Arc.Dependencies.Cache.csproj", "{FB805F83-0190-45A9-980F-891D65EF2940}"
EndProject
Project("{9A19103F-16F7-4668-BE54-9A1E7A4F7556}") = "Arc.Converters", "Arc.Converters\Arc.Converters.csproj", "{D2F03229-122D-4532-8B25-A8EF96F10A1E}"
EndProject
Project("{2150E333-8FDC-42A3-9474-1A3956D46DE8}") = "Tests", "Tests", "{9CE37A5F-6C8E-423C-B9F6-D4B853D1FE6E}"
EndProject
Project("{2150E333-8FDC-42A3-9474-1A3956D46DE8}") = "Dependencies", "Dependencies", "{7AD7803B-1D45-4BE9-8AA3-D5EB77405315}"
EndProject
Project("{9A19103F-16F7-4668-BE54-9A1E7A4F7556}") = "Arc.Models.DataBase", "Arc.Models.DataBase\Arc.Models.DataBase.csproj", "{01E3BB1A-18E0-4B96-A2E9-03AF128A005A}"
EndProject
Project("{2150E333-8FDC-42A3-9474-1A3956D46DE8}") = "Models", "Models", "{9F4DA0B3-B7A8-4DFB-BDBA-A7A504C7E2CF}"
EndProject
Project("{9A19103F-16F7-4668-BE54-9A1E7A4F7556}") = "Arc.Infrastructure.Storages", "Arc.Infrastructure.Storages\Arc.Infrastructure.Storages.csproj", "{3979D67A-5407-4D76-9435-EBBE0BE2C293}"
EndProject
Project("{9A19103F-16F7-4668-BE54-9A1E7A4F7556}") = "Arc.Criteria", "Arc.Criteria\Arc.Criteria.csproj", "{76BCA4E8-F5CC-474C-9F2E-537890762AB2}"
EndProject
Project("{9A19103F-16F7-4668-BE54-9A1E7A4F7556}") = "Arc.Infrastructure.Dictionaries", "Arc.Infrastructure.Dictionaries\Arc.Infrastructure.Dictionaries.csproj", "{9797AAB8-7879-47D6-9A69-F6CE4B5A1F90}"
EndProject
Project("{9A19103F-16F7-4668-BE54-9A1E7A4F7556}") = "Arc.Infrastructure.Repositories.Read", "Arc.Infrastructure.Repositories.Read\Arc.Infrastructure.Repositories.Read.csproj", "{B4067C78-D0A1-4194-AB15-DA2CF8ABD702}"
EndProject
Project("{9A19103F-16F7-4668-BE54-9A1E7A4F7556}") = "Arc.Models.BusinessLogic", "Arc.Models.BusinessLogic\Arc.Models.BusinessLogic.csproj", "{68B5C42E-8B27-459F-90A9-8F0B5A5DB1E7}"
EndProject
Project("{9A19103F-16F7-4668-BE54-9A1E7A4F7556}") = "Arc.Dependencies.RequestValidators", "Arc.Dependencies.RequestValidators\Arc.Dependencies.RequestValidators.csproj", "{63F9099C-5544-4B1A-B84F-EF7F4F00EF77}"
EndProject
Project("{2150E333-8FDC-42A3-9474-1A3956D46DE8}") = "Infrastructure", "Infrastructure", "{04CF994C-C75F-426F-B3FA-F98ED44780D4}"
EndProject
Project("{FAE04EC0-301F-11D3-BF4B-00C04F79EFBC}") = "Arc.Facades.Domain", "Arc.Facades.Domain\Arc.Facades.Domain.csproj", "{4DA76B52-FA02-4C3E-9110-973EB6C65ACB}"
EndProject
Project("{FAE04EC0-301F-11D3-BF4B-00C04F79EFBC}") = "Arc.Dependencies.ConfigurationSettings", "Arc.Dependencies.ConfigurationSettings\Arc.Dependencies.ConfigurationSettings.csproj", "{8846EEE8-D1C9-4827-96C6-D573AFC0B887}"
EndProject
Project("{FAE04EC0-301F-11D3-BF4B-00C04F79EFBC}") = "Arc.Controllers.Users", "Arc.Controllers.Users\Arc.Controllers.Users.csproj", "{9DD88FE3-1518-49D8-A9F2-CDAE8573BF5F}"
EndProject
Project("{FAE04EC0-301F-11D3-BF4B-00C04F79EFBC}") = "Arc.Controllers.Admins", "Arc.Controllers.Admins\Arc.Controllers.Admins.csproj", "{ADB32BA8-1D7B-4601-9E75-417084A4BBE1}"
EndProject
Project("{FAE04EC0-301F-11D3-BF4B-00C04F79EFBC}") = "Arc.Controllers.Base", "Arc.Controllers.Base\Arc.Controllers.Base.csproj", "{8975458E-9723-4183-BF43-C7B4DA8F1109}"
EndProject
Project("{FAE04EC0-301F-11D3-BF4B-00C04F79EFBC}") = "Arc.Controllers.Anonymous", "Arc.Controllers.Anonymous\Arc.Controllers.Anonymous.csproj", "{A81EBA0E-D684-4429-9CE8-A15AA5D9ACB4}"
EndProject
Project("{FAE04EC0-301F-11D3-BF4B-00C04F79EFBC}") = "Arc.Controllers.Authorized", "Arc.Controllers.Authorized\Arc.Controllers.Authorized.csproj", "{3679D1A8-58E6-4494-AA2F-7290B1AEA994}"
EndProject
Project("{FAE04EC0-301F-11D3-BF4B-00C04F79EFBC}") = "Arc.Middleware.Filters", "Arc.Middleware.Filters\Arc.Middleware.Filters.csproj", "{22C41C85-DC47-4A69-9592-151ED8F05C3C}"
EndProject
Project("{2150E333-8FDC-42A3-9474-1A3956D46DE8}") = "Controllers", "Controllers", "{1DCB8C86-8AA1-4022-8C35-04D95E86D82F}"
EndProject
Project("{2150E333-8FDC-42A3-9474-1A3956D46DE8}") = "Facades", "Facades", "{23561463-A2F5-40D1-B4DE-CB803F1DCF55}"
EndProject
Project("{FAE04EC0-301F-11D3-BF4B-00C04F79EFBC}") = "Arc.Facades.Users", "Arc.Facades.Users\Arc.Facades.Users.csproj", "{7EFD0076-9F95-437A-98AB-252527CD96B9}"
EndProject
Project("{FAE04EC0-301F-11D3-BF4B-00C04F79EFBC}") = "Arc.Facades.Admins", "Arc.Facades.Admins\Arc.Facades.Admins.csproj", "{1539C700-6BE8-4D90-A102-B8B6F65CAE51}"
EndProject
Project("{FAE04EC0-301F-11D3-BF4B-00C04F79EFBC}") = "Arc.Facades.Anonymous", "Arc.Facades.Anonymous\Arc.Facades.Anonymous.csproj", "{D4D0A446-3549-4502-BA60-ED7DA73CD44E}"
EndProject
Project("{FAE04EC0-301F-11D3-BF4B-00C04F79EFBC}") = "Arc.Facades.Authorized", "Arc.Facades.Authorized\Arc.Facades.Authorized.csproj", "{E391FB00-BC8F-47F0-BE4E-49E59C0799AF}"
EndProject
Project("{FAE04EC0-301F-11D3-BF4B-00C04F79EFBC}") = "Arc.Facades.Domain.Filters", "Arc.Facades.Domain.Filters\Arc.Facades.Domain.Filters.csproj", "{F3E90C19-C14D-4401-A829-DC076C8EA18A}"
EndProject
Project("{FAE04EC0-301F-11D3-BF4B-00C04F79EFBC}") = "Arc.Models.Views.Admins", "Arc.Models.Views.Admins\Arc.Models.Views.Admins.csproj", "{1163E5FD-275A-44E5-AD6F-3E5187ACC82B}"
EndProject
Project("{2150E333-8FDC-42A3-9474-1A3956D46DE8}") = "Middleware", "Middleware", "{11F2E873-81FD-45EA-A90F-02B886B3B4BB}"
EndProject
Project("{2150E333-8FDC-42A3-9474-1A3956D46DE8}") = "Converters", "Converters", "{7A8886D6-A950-4A03-8B11-AA6BEC123556}"
EndProject
Project("{FAE04EC0-301F-11D3-BF4B-00C04F79EFBC}") = "Arc.Converters.Views.Users", "Arc.Converters.Views.Users\Arc.Converters.Views.Users.csproj", "{DE525914-0141-4C8E-B5BA-7FDCC01D957C}"
EndProject
Project("{FAE04EC0-301F-11D3-BF4B-00C04F79EFBC}") = "Arc.Converters.Base", "Arc.Converters.Base\Arc.Converters.Base.csproj", "{E6FBA781-8462-4317-86C5-ACEE9FC5B2ED}"
EndProject
Project("{FAE04EC0-301F-11D3-BF4B-00C04F79EFBC}") = "Arc.Converters.Views.Admins", "Arc.Converters.Views.Admins\Arc.Converters.Views.Admins.csproj", "{AC78DC91-612F-4083-B89C-8FF54092C7B9}"
EndProject
Project("{FAE04EC0-301F-11D3-BF4B-00C04F79EFBC}") = "Arc.Converters.Views.Common", "Arc.Converters.Views.Common\Arc.Converters.Views.Common.csproj", "{15063D76-B0AD-4671-B3A3-F02D0E82A313}"
EndProject
Project("{FAE04EC0-301F-11D3-BF4B-00C04F79EFBC}") = "Arc.Models.Views.Anonymous", "Arc.Models.Views.Anonymous\Arc.Models.Views.Anonymous.csproj", "{43AFAB06-B3D7-446A-AD4A-A6B2C70FDD72}"
EndProject
Project("{FAE04EC0-301F-11D3-BF4B-00C04F79EFBC}") = "Arc.Dependencies.Logger", "Arc.Dependencies.Logger\Arc.Dependencies.Logger.csproj", "{D9003938-3A8D-4289-862F-BCC4B6CAB7A0}"
EndProject
Project("{FAE04EC0-301F-11D3-BF4B-00C04F79EFBC}") = "Arc.Facades.Base", "Arc.Facades.Base\Arc.Facades.Base.csproj", "{7E15F705-AC65-4140-B03A-98F985F39B74}"
EndProject
Project("{FAE04EC0-301F-11D3-BF4B-00C04F79EFBC}") = "Arc.Dependencies.Json", "Arc.Dependencies.Json\Arc.Dependencies.Json.csproj", "{4CA35069-1E6C-4DD3-967D-A98ACDBE1B07}"
EndProject
Project("{FAE04EC0-301F-11D3-BF4B-00C04F79EFBC}") = "Arc.Criteria.FilterParameters", "Arc.Criteria.FilterParameters\Arc.Criteria.FilterParameters.csproj", "{065716C7-D1C9-48CF-B54B-0AB7382A2399}"
EndProject
Project("{FAE04EC0-301F-11D3-BF4B-00C04F79EFBC}") = "Arc.Criteria.FilterParameters.Factories", "Arc.Criteria.FilterParameters.Factories\Arc.Criteria.FilterParameters.Factories.csproj", "{85BB5980-28D2-4861-A701-6DDB5E273D15}"
EndProject
Project("{FAE04EC0-301F-11D3-BF4B-00C04F79EFBC}") = "Arc.Infrastructure.Entity.Includes.Extensions", "Arc.Infrastructure.Entity.Includes.Extensions\Arc.Infrastructure.Entity.Includes.Extensions.csproj", "{3A30248C-2B42-40A7-8914-B81D5126E046}"
EndProject
Project("{FAE04EC0-301F-11D3-BF4B-00C04F79EFBC}") = "Arc.Infrastructure.Entity.Expressions.Extensions", "Arc.Infrastructure.Entity.Expressions.Extensions\Arc.Infrastructure.Entity.Expressions.Extensions.csproj", "{A2092EF4-8EAB-4B62-9F3F-E36005E1E99A}"
EndProject
Project("{FAE04EC0-301F-11D3-BF4B-00C04F79EFBC}") = "Arc.Models.Views.Users", "Arc.Models.Views.Users\Arc.Models.Views.Users.csproj", "{4FCC8036-8329-42BE-92DD-3930D457C3CA}"
EndProject
Project("{FAE04EC0-301F-11D3-BF4B-00C04F79EFBC}") = "Arc.Tests.Base", "Arc.Tests.Base\Arc.Tests.Base.csproj", "{AA860267-6770-41BF-9A32-BF3972128531}"
EndProject
Project("{FAE04EC0-301F-11D3-BF4B-00C04F79EFBC}") = "Arc.Tests.Integrations", "Arc.Tests.Integrations\Arc.Tests.Integrations.csproj", "{102C0107-B6F1-4CFE-8AC3-F120C656621E}"
EndProject
Project("{FAE04EC0-301F-11D3-BF4B-00C04F79EFBC}") = "Arc.Tests.Units", "Arc.Tests.Units\Arc.Tests.Units.csproj", "{1413A6E7-01A9-4734-A904-700EA2468FB8}"
EndProject
Project("{FAE04EC0-301F-11D3-BF4B-00C04F79EFBC}") = "Arc.Database.Migrations", "Arc.Database.Migrations\Arc.Database.Migrations.csproj", "{981224F3-ECFF-45FF-8324-9B3C73FFA23C}"
EndProject
Project("{FAE04EC0-301F-11D3-BF4B-00C04F79EFBC}") = "Arc.Infrastructure.Transactions", "Arc.Infrastructure.Transactions\Arc.Infrastructure.Transactions.csproj", "{7C1D52E1-BB90-4372-8E2B-4DD2AD93ACB4}"
EndProject
Project("{FAE04EC0-301F-11D3-BF4B-00C04F79EFBC}") = "Arc.Database.Definitions", "Arc.Database.Definitions\Arc.Database.Definitions.csproj", "{BD91E1A7-6532-4059-A7B1-3131ADD34EFC}"
EndProject
Project("{2150E333-8FDC-42A3-9474-1A3956D46DE8}") = "Executable", "Executable", "{95DC7282-DDFA-47D3-81E7-3E535ABCBCC6}"
EndProject
Project("{2150E333-8FDC-42A3-9474-1A3956D46DE8}") = "Database", "Database", "{DCD9A646-B6BB-4449-8541-A45AF6D66D86}"
EndProject
Project("{FAE04EC0-301F-11D3-BF4B-00C04F79EFBC}") = "Arc.Infrastructure.Exceptions", "Arc.Infrastructure.Exceptions\Arc.Infrastructure.Exceptions.csproj", "{8A56F66B-448E-4BB0-8F9D-CBE95817339D}"
EndProject
Project("{FAE04EC0-301F-11D3-BF4B-00C04F79EFBC}") = "Arc.Criteria.CompareFunctions", "Arc.Criteria.CompareFunctions\Arc.Criteria.CompareFunctions.csproj", "{328A63A6-D783-4DEA-8F4C-DB8522C81DF7}"
EndProject
Project("{2150E333-8FDC-42A3-9474-1A3956D46DE8}") = "Criteria", "Criteria", "{259CC34F-688E-4C7C-A9A5-6DF5FDAA301F}"
EndProject
Project("{FAE04EC0-301F-11D3-BF4B-00C04F79EFBC}") = "Arc.Criteria.PropertyFilters", "Arc.Criteria.PropertyFilters\Arc.Criteria.PropertyFilters.csproj", "{E6DCD997-0AAE-4009-B0E2-1971A82EF89C}"
EndProject
Project("{FAE04EC0-301F-11D3-BF4B-00C04F79EFBC}") = "Arc.Controllers.Admins.Tables", "Arc.Controllers.Admins.Tables\Arc.Controllers.Admins.Tables.csproj", "{4C9D9CB2-9F7D-46F8-8EED-AA865CA6E1D2}"
EndProject
Project("{FAE04EC0-301F-11D3-BF4B-00C04F79EFBC}") = "Arc.Facades.Admins.Tables", "Arc.Facades.Admins.Tables\Arc.Facades.Admins.Tables.csproj", "{9D58EA56-B118-4CCC-A682-E8795681E91C}"
EndProject
Project("{FAE04EC0-301F-11D3-BF4B-00C04F79EFBC}") = "Arc.Models.Views.Admins.Tables", "Arc.Models.Views.Admins.Tables\Arc.Models.Views.Admins.Tables.csproj", "{7A3DA47B-83BC-4B02-9F82-F6D950610061}"
EndProject
Project("{FAE04EC0-301F-11D3-BF4B-00C04F79EFBC}") = "Arc.Executable.WebApi.Configuration", "Arc.Executable.WebApi.Configuration\Arc.Executable.WebApi.Configuration.csproj", "{0E7B3D96-52CB-48D5-903A-2C0D6CF4176C}"
EndProject
Global
	GlobalSection(SolutionConfigurationPlatforms) = preSolution
		Debug|Any CPU = Debug|Any CPU
		Debug|x64 = Debug|x64
		Debug|x86 = Debug|x86
		Release|Any CPU = Release|Any CPU
		Release|x64 = Release|x64
		Release|x86 = Release|x86
	EndGlobalSection
	GlobalSection(ProjectConfigurationPlatforms) = postSolution
		{DD81AB20-B818-44A1-BB36-B1787D01461B}.Debug|Any CPU.ActiveCfg = Debug|Any CPU
		{DD81AB20-B818-44A1-BB36-B1787D01461B}.Debug|Any CPU.Build.0 = Debug|Any CPU
		{DD81AB20-B818-44A1-BB36-B1787D01461B}.Debug|x64.ActiveCfg = Debug|Any CPU
		{DD81AB20-B818-44A1-BB36-B1787D01461B}.Debug|x64.Build.0 = Debug|Any CPU
		{DD81AB20-B818-44A1-BB36-B1787D01461B}.Debug|x86.ActiveCfg = Debug|Any CPU
		{DD81AB20-B818-44A1-BB36-B1787D01461B}.Debug|x86.Build.0 = Debug|Any CPU
		{DD81AB20-B818-44A1-BB36-B1787D01461B}.Release|Any CPU.ActiveCfg = Release|Any CPU
		{DD81AB20-B818-44A1-BB36-B1787D01461B}.Release|Any CPU.Build.0 = Release|Any CPU
		{DD81AB20-B818-44A1-BB36-B1787D01461B}.Release|x64.ActiveCfg = Release|Any CPU
		{DD81AB20-B818-44A1-BB36-B1787D01461B}.Release|x64.Build.0 = Release|Any CPU
		{DD81AB20-B818-44A1-BB36-B1787D01461B}.Release|x86.ActiveCfg = Release|Any CPU
		{DD81AB20-B818-44A1-BB36-B1787D01461B}.Release|x86.Build.0 = Release|Any CPU
		{960356FF-990F-4291-90B8-AC47F3961E5D}.Debug|Any CPU.ActiveCfg = Debug|Any CPU
		{960356FF-990F-4291-90B8-AC47F3961E5D}.Debug|Any CPU.Build.0 = Debug|Any CPU
		{960356FF-990F-4291-90B8-AC47F3961E5D}.Debug|x64.ActiveCfg = Debug|Any CPU
		{960356FF-990F-4291-90B8-AC47F3961E5D}.Debug|x64.Build.0 = Debug|Any CPU
		{960356FF-990F-4291-90B8-AC47F3961E5D}.Debug|x86.ActiveCfg = Debug|Any CPU
		{960356FF-990F-4291-90B8-AC47F3961E5D}.Debug|x86.Build.0 = Debug|Any CPU
		{960356FF-990F-4291-90B8-AC47F3961E5D}.Release|Any CPU.ActiveCfg = Release|Any CPU
		{960356FF-990F-4291-90B8-AC47F3961E5D}.Release|Any CPU.Build.0 = Release|Any CPU
		{960356FF-990F-4291-90B8-AC47F3961E5D}.Release|x64.ActiveCfg = Release|Any CPU
		{960356FF-990F-4291-90B8-AC47F3961E5D}.Release|x64.Build.0 = Release|Any CPU
		{960356FF-990F-4291-90B8-AC47F3961E5D}.Release|x86.ActiveCfg = Release|Any CPU
		{960356FF-990F-4291-90B8-AC47F3961E5D}.Release|x86.Build.0 = Release|Any CPU
		{97C07EFC-47FC-4ADD-9305-742F61BD0F6A}.Debug|Any CPU.ActiveCfg = Debug|Any CPU
		{97C07EFC-47FC-4ADD-9305-742F61BD0F6A}.Debug|Any CPU.Build.0 = Debug|Any CPU
		{97C07EFC-47FC-4ADD-9305-742F61BD0F6A}.Debug|x64.ActiveCfg = Debug|Any CPU
		{97C07EFC-47FC-4ADD-9305-742F61BD0F6A}.Debug|x64.Build.0 = Debug|Any CPU
		{97C07EFC-47FC-4ADD-9305-742F61BD0F6A}.Debug|x86.ActiveCfg = Debug|Any CPU
		{97C07EFC-47FC-4ADD-9305-742F61BD0F6A}.Debug|x86.Build.0 = Debug|Any CPU
		{97C07EFC-47FC-4ADD-9305-742F61BD0F6A}.Release|Any CPU.ActiveCfg = Release|Any CPU
		{97C07EFC-47FC-4ADD-9305-742F61BD0F6A}.Release|Any CPU.Build.0 = Release|Any CPU
		{97C07EFC-47FC-4ADD-9305-742F61BD0F6A}.Release|x64.ActiveCfg = Release|Any CPU
		{97C07EFC-47FC-4ADD-9305-742F61BD0F6A}.Release|x64.Build.0 = Release|Any CPU
		{97C07EFC-47FC-4ADD-9305-742F61BD0F6A}.Release|x86.ActiveCfg = Release|Any CPU
		{97C07EFC-47FC-4ADD-9305-742F61BD0F6A}.Release|x86.Build.0 = Release|Any CPU
		{EBFCC52A-61B6-4976-93A8-AA96789403B5}.Debug|Any CPU.ActiveCfg = Debug|Any CPU
		{EBFCC52A-61B6-4976-93A8-AA96789403B5}.Debug|Any CPU.Build.0 = Debug|Any CPU
		{EBFCC52A-61B6-4976-93A8-AA96789403B5}.Debug|x64.ActiveCfg = Debug|Any CPU
		{EBFCC52A-61B6-4976-93A8-AA96789403B5}.Debug|x64.Build.0 = Debug|Any CPU
		{EBFCC52A-61B6-4976-93A8-AA96789403B5}.Debug|x86.ActiveCfg = Debug|Any CPU
		{EBFCC52A-61B6-4976-93A8-AA96789403B5}.Debug|x86.Build.0 = Debug|Any CPU
		{EBFCC52A-61B6-4976-93A8-AA96789403B5}.Release|Any CPU.ActiveCfg = Release|Any CPU
		{EBFCC52A-61B6-4976-93A8-AA96789403B5}.Release|Any CPU.Build.0 = Release|Any CPU
		{EBFCC52A-61B6-4976-93A8-AA96789403B5}.Release|x64.ActiveCfg = Release|Any CPU
		{EBFCC52A-61B6-4976-93A8-AA96789403B5}.Release|x64.Build.0 = Release|Any CPU
		{EBFCC52A-61B6-4976-93A8-AA96789403B5}.Release|x86.ActiveCfg = Release|Any CPU
		{EBFCC52A-61B6-4976-93A8-AA96789403B5}.Release|x86.Build.0 = Release|Any CPU
		{D7398BD4-A177-4481-9FB2-668E67D47DB3}.Debug|Any CPU.ActiveCfg = Debug|Any CPU
		{D7398BD4-A177-4481-9FB2-668E67D47DB3}.Debug|Any CPU.Build.0 = Debug|Any CPU
		{D7398BD4-A177-4481-9FB2-668E67D47DB3}.Debug|x64.ActiveCfg = Debug|Any CPU
		{D7398BD4-A177-4481-9FB2-668E67D47DB3}.Debug|x64.Build.0 = Debug|Any CPU
		{D7398BD4-A177-4481-9FB2-668E67D47DB3}.Debug|x86.ActiveCfg = Debug|Any CPU
		{D7398BD4-A177-4481-9FB2-668E67D47DB3}.Debug|x86.Build.0 = Debug|Any CPU
		{D7398BD4-A177-4481-9FB2-668E67D47DB3}.Release|Any CPU.ActiveCfg = Release|Any CPU
		{D7398BD4-A177-4481-9FB2-668E67D47DB3}.Release|Any CPU.Build.0 = Release|Any CPU
		{D7398BD4-A177-4481-9FB2-668E67D47DB3}.Release|x64.ActiveCfg = Release|Any CPU
		{D7398BD4-A177-4481-9FB2-668E67D47DB3}.Release|x64.Build.0 = Release|Any CPU
		{D7398BD4-A177-4481-9FB2-668E67D47DB3}.Release|x86.ActiveCfg = Release|Any CPU
		{D7398BD4-A177-4481-9FB2-668E67D47DB3}.Release|x86.Build.0 = Release|Any CPU
		{92399EED-B0C6-4FEB-9F08-4E818289DDB5}.Debug|Any CPU.ActiveCfg = Debug|Any CPU
		{92399EED-B0C6-4FEB-9F08-4E818289DDB5}.Debug|Any CPU.Build.0 = Debug|Any CPU
		{92399EED-B0C6-4FEB-9F08-4E818289DDB5}.Debug|x64.ActiveCfg = Debug|Any CPU
		{92399EED-B0C6-4FEB-9F08-4E818289DDB5}.Debug|x64.Build.0 = Debug|Any CPU
		{92399EED-B0C6-4FEB-9F08-4E818289DDB5}.Debug|x86.ActiveCfg = Debug|Any CPU
		{92399EED-B0C6-4FEB-9F08-4E818289DDB5}.Debug|x86.Build.0 = Debug|Any CPU
		{92399EED-B0C6-4FEB-9F08-4E818289DDB5}.Release|Any CPU.ActiveCfg = Release|Any CPU
		{92399EED-B0C6-4FEB-9F08-4E818289DDB5}.Release|Any CPU.Build.0 = Release|Any CPU
		{92399EED-B0C6-4FEB-9F08-4E818289DDB5}.Release|x64.ActiveCfg = Release|Any CPU
		{92399EED-B0C6-4FEB-9F08-4E818289DDB5}.Release|x64.Build.0 = Release|Any CPU
		{92399EED-B0C6-4FEB-9F08-4E818289DDB5}.Release|x86.ActiveCfg = Release|Any CPU
		{92399EED-B0C6-4FEB-9F08-4E818289DDB5}.Release|x86.Build.0 = Release|Any CPU
		{023641F4-D1D8-4961-8EC1-EE9F8A7A83C6}.Debug|Any CPU.ActiveCfg = Debug|Any CPU
		{023641F4-D1D8-4961-8EC1-EE9F8A7A83C6}.Debug|Any CPU.Build.0 = Debug|Any CPU
		{023641F4-D1D8-4961-8EC1-EE9F8A7A83C6}.Debug|x64.ActiveCfg = Debug|Any CPU
		{023641F4-D1D8-4961-8EC1-EE9F8A7A83C6}.Debug|x64.Build.0 = Debug|Any CPU
		{023641F4-D1D8-4961-8EC1-EE9F8A7A83C6}.Debug|x86.ActiveCfg = Debug|Any CPU
		{023641F4-D1D8-4961-8EC1-EE9F8A7A83C6}.Debug|x86.Build.0 = Debug|Any CPU
		{023641F4-D1D8-4961-8EC1-EE9F8A7A83C6}.Release|Any CPU.ActiveCfg = Release|Any CPU
		{023641F4-D1D8-4961-8EC1-EE9F8A7A83C6}.Release|Any CPU.Build.0 = Release|Any CPU
		{023641F4-D1D8-4961-8EC1-EE9F8A7A83C6}.Release|x64.ActiveCfg = Release|Any CPU
		{023641F4-D1D8-4961-8EC1-EE9F8A7A83C6}.Release|x64.Build.0 = Release|Any CPU
		{023641F4-D1D8-4961-8EC1-EE9F8A7A83C6}.Release|x86.ActiveCfg = Release|Any CPU
		{023641F4-D1D8-4961-8EC1-EE9F8A7A83C6}.Release|x86.Build.0 = Release|Any CPU
		{EDA0F032-34B3-414E-A6B9-CE5A0ED6864C}.Debug|Any CPU.ActiveCfg = Debug|Any CPU
		{EDA0F032-34B3-414E-A6B9-CE5A0ED6864C}.Debug|Any CPU.Build.0 = Debug|Any CPU
		{EDA0F032-34B3-414E-A6B9-CE5A0ED6864C}.Debug|x64.ActiveCfg = Debug|Any CPU
		{EDA0F032-34B3-414E-A6B9-CE5A0ED6864C}.Debug|x64.Build.0 = Debug|Any CPU
		{EDA0F032-34B3-414E-A6B9-CE5A0ED6864C}.Debug|x86.ActiveCfg = Debug|Any CPU
		{EDA0F032-34B3-414E-A6B9-CE5A0ED6864C}.Debug|x86.Build.0 = Debug|Any CPU
		{EDA0F032-34B3-414E-A6B9-CE5A0ED6864C}.Release|Any CPU.ActiveCfg = Release|Any CPU
		{EDA0F032-34B3-414E-A6B9-CE5A0ED6864C}.Release|Any CPU.Build.0 = Release|Any CPU
		{EDA0F032-34B3-414E-A6B9-CE5A0ED6864C}.Release|x64.ActiveCfg = Release|Any CPU
		{EDA0F032-34B3-414E-A6B9-CE5A0ED6864C}.Release|x64.Build.0 = Release|Any CPU
		{EDA0F032-34B3-414E-A6B9-CE5A0ED6864C}.Release|x86.ActiveCfg = Release|Any CPU
		{EDA0F032-34B3-414E-A6B9-CE5A0ED6864C}.Release|x86.Build.0 = Release|Any CPU
		{FB805F83-0190-45A9-980F-891D65EF2940}.Debug|Any CPU.ActiveCfg = Debug|Any CPU
		{FB805F83-0190-45A9-980F-891D65EF2940}.Debug|Any CPU.Build.0 = Debug|Any CPU
		{FB805F83-0190-45A9-980F-891D65EF2940}.Debug|x64.ActiveCfg = Debug|Any CPU
		{FB805F83-0190-45A9-980F-891D65EF2940}.Debug|x64.Build.0 = Debug|Any CPU
		{FB805F83-0190-45A9-980F-891D65EF2940}.Debug|x86.ActiveCfg = Debug|Any CPU
		{FB805F83-0190-45A9-980F-891D65EF2940}.Debug|x86.Build.0 = Debug|Any CPU
		{FB805F83-0190-45A9-980F-891D65EF2940}.Release|Any CPU.ActiveCfg = Release|Any CPU
		{FB805F83-0190-45A9-980F-891D65EF2940}.Release|Any CPU.Build.0 = Release|Any CPU
		{FB805F83-0190-45A9-980F-891D65EF2940}.Release|x64.ActiveCfg = Release|Any CPU
		{FB805F83-0190-45A9-980F-891D65EF2940}.Release|x64.Build.0 = Release|Any CPU
		{FB805F83-0190-45A9-980F-891D65EF2940}.Release|x86.ActiveCfg = Release|Any CPU
		{FB805F83-0190-45A9-980F-891D65EF2940}.Release|x86.Build.0 = Release|Any CPU
		{D2F03229-122D-4532-8B25-A8EF96F10A1E}.Debug|Any CPU.ActiveCfg = Debug|Any CPU
		{D2F03229-122D-4532-8B25-A8EF96F10A1E}.Debug|Any CPU.Build.0 = Debug|Any CPU
		{D2F03229-122D-4532-8B25-A8EF96F10A1E}.Debug|x64.ActiveCfg = Debug|Any CPU
		{D2F03229-122D-4532-8B25-A8EF96F10A1E}.Debug|x64.Build.0 = Debug|Any CPU
		{D2F03229-122D-4532-8B25-A8EF96F10A1E}.Debug|x86.ActiveCfg = Debug|Any CPU
		{D2F03229-122D-4532-8B25-A8EF96F10A1E}.Debug|x86.Build.0 = Debug|Any CPU
		{D2F03229-122D-4532-8B25-A8EF96F10A1E}.Release|Any CPU.ActiveCfg = Release|Any CPU
		{D2F03229-122D-4532-8B25-A8EF96F10A1E}.Release|Any CPU.Build.0 = Release|Any CPU
		{D2F03229-122D-4532-8B25-A8EF96F10A1E}.Release|x64.ActiveCfg = Release|Any CPU
		{D2F03229-122D-4532-8B25-A8EF96F10A1E}.Release|x64.Build.0 = Release|Any CPU
		{D2F03229-122D-4532-8B25-A8EF96F10A1E}.Release|x86.ActiveCfg = Release|Any CPU
		{D2F03229-122D-4532-8B25-A8EF96F10A1E}.Release|x86.Build.0 = Release|Any CPU
		{01E3BB1A-18E0-4B96-A2E9-03AF128A005A}.Debug|Any CPU.ActiveCfg = Debug|Any CPU
		{01E3BB1A-18E0-4B96-A2E9-03AF128A005A}.Debug|Any CPU.Build.0 = Debug|Any CPU
		{01E3BB1A-18E0-4B96-A2E9-03AF128A005A}.Debug|x64.ActiveCfg = Debug|Any CPU
		{01E3BB1A-18E0-4B96-A2E9-03AF128A005A}.Debug|x64.Build.0 = Debug|Any CPU
		{01E3BB1A-18E0-4B96-A2E9-03AF128A005A}.Debug|x86.ActiveCfg = Debug|Any CPU
		{01E3BB1A-18E0-4B96-A2E9-03AF128A005A}.Debug|x86.Build.0 = Debug|Any CPU
		{01E3BB1A-18E0-4B96-A2E9-03AF128A005A}.Release|Any CPU.ActiveCfg = Release|Any CPU
		{01E3BB1A-18E0-4B96-A2E9-03AF128A005A}.Release|Any CPU.Build.0 = Release|Any CPU
		{01E3BB1A-18E0-4B96-A2E9-03AF128A005A}.Release|x64.ActiveCfg = Release|Any CPU
		{01E3BB1A-18E0-4B96-A2E9-03AF128A005A}.Release|x64.Build.0 = Release|Any CPU
		{01E3BB1A-18E0-4B96-A2E9-03AF128A005A}.Release|x86.ActiveCfg = Release|Any CPU
		{01E3BB1A-18E0-4B96-A2E9-03AF128A005A}.Release|x86.Build.0 = Release|Any CPU
		{3979D67A-5407-4D76-9435-EBBE0BE2C293}.Debug|Any CPU.ActiveCfg = Debug|Any CPU
		{3979D67A-5407-4D76-9435-EBBE0BE2C293}.Debug|Any CPU.Build.0 = Debug|Any CPU
		{3979D67A-5407-4D76-9435-EBBE0BE2C293}.Debug|x64.ActiveCfg = Debug|Any CPU
		{3979D67A-5407-4D76-9435-EBBE0BE2C293}.Debug|x64.Build.0 = Debug|Any CPU
		{3979D67A-5407-4D76-9435-EBBE0BE2C293}.Debug|x86.ActiveCfg = Debug|Any CPU
		{3979D67A-5407-4D76-9435-EBBE0BE2C293}.Debug|x86.Build.0 = Debug|Any CPU
		{3979D67A-5407-4D76-9435-EBBE0BE2C293}.Release|Any CPU.ActiveCfg = Release|Any CPU
		{3979D67A-5407-4D76-9435-EBBE0BE2C293}.Release|Any CPU.Build.0 = Release|Any CPU
		{3979D67A-5407-4D76-9435-EBBE0BE2C293}.Release|x64.ActiveCfg = Release|Any CPU
		{3979D67A-5407-4D76-9435-EBBE0BE2C293}.Release|x64.Build.0 = Release|Any CPU
		{3979D67A-5407-4D76-9435-EBBE0BE2C293}.Release|x86.ActiveCfg = Release|Any CPU
		{3979D67A-5407-4D76-9435-EBBE0BE2C293}.Release|x86.Build.0 = Release|Any CPU
		{76BCA4E8-F5CC-474C-9F2E-537890762AB2}.Debug|Any CPU.ActiveCfg = Debug|Any CPU
		{76BCA4E8-F5CC-474C-9F2E-537890762AB2}.Debug|Any CPU.Build.0 = Debug|Any CPU
		{76BCA4E8-F5CC-474C-9F2E-537890762AB2}.Debug|x64.ActiveCfg = Debug|Any CPU
		{76BCA4E8-F5CC-474C-9F2E-537890762AB2}.Debug|x64.Build.0 = Debug|Any CPU
		{76BCA4E8-F5CC-474C-9F2E-537890762AB2}.Debug|x86.ActiveCfg = Debug|Any CPU
		{76BCA4E8-F5CC-474C-9F2E-537890762AB2}.Debug|x86.Build.0 = Debug|Any CPU
		{76BCA4E8-F5CC-474C-9F2E-537890762AB2}.Release|Any CPU.ActiveCfg = Release|Any CPU
		{76BCA4E8-F5CC-474C-9F2E-537890762AB2}.Release|Any CPU.Build.0 = Release|Any CPU
		{76BCA4E8-F5CC-474C-9F2E-537890762AB2}.Release|x64.ActiveCfg = Release|Any CPU
		{76BCA4E8-F5CC-474C-9F2E-537890762AB2}.Release|x64.Build.0 = Release|Any CPU
		{76BCA4E8-F5CC-474C-9F2E-537890762AB2}.Release|x86.ActiveCfg = Release|Any CPU
		{76BCA4E8-F5CC-474C-9F2E-537890762AB2}.Release|x86.Build.0 = Release|Any CPU
		{9797AAB8-7879-47D6-9A69-F6CE4B5A1F90}.Debug|Any CPU.ActiveCfg = Debug|Any CPU
		{9797AAB8-7879-47D6-9A69-F6CE4B5A1F90}.Debug|Any CPU.Build.0 = Debug|Any CPU
		{9797AAB8-7879-47D6-9A69-F6CE4B5A1F90}.Debug|x64.ActiveCfg = Debug|Any CPU
		{9797AAB8-7879-47D6-9A69-F6CE4B5A1F90}.Debug|x64.Build.0 = Debug|Any CPU
		{9797AAB8-7879-47D6-9A69-F6CE4B5A1F90}.Debug|x86.ActiveCfg = Debug|Any CPU
		{9797AAB8-7879-47D6-9A69-F6CE4B5A1F90}.Debug|x86.Build.0 = Debug|Any CPU
		{9797AAB8-7879-47D6-9A69-F6CE4B5A1F90}.Release|Any CPU.ActiveCfg = Release|Any CPU
		{9797AAB8-7879-47D6-9A69-F6CE4B5A1F90}.Release|Any CPU.Build.0 = Release|Any CPU
		{9797AAB8-7879-47D6-9A69-F6CE4B5A1F90}.Release|x64.ActiveCfg = Release|Any CPU
		{9797AAB8-7879-47D6-9A69-F6CE4B5A1F90}.Release|x64.Build.0 = Release|Any CPU
		{9797AAB8-7879-47D6-9A69-F6CE4B5A1F90}.Release|x86.ActiveCfg = Release|Any CPU
		{9797AAB8-7879-47D6-9A69-F6CE4B5A1F90}.Release|x86.Build.0 = Release|Any CPU
		{B4067C78-D0A1-4194-AB15-DA2CF8ABD702}.Debug|Any CPU.ActiveCfg = Debug|Any CPU
		{B4067C78-D0A1-4194-AB15-DA2CF8ABD702}.Debug|Any CPU.Build.0 = Debug|Any CPU
		{B4067C78-D0A1-4194-AB15-DA2CF8ABD702}.Debug|x64.ActiveCfg = Debug|Any CPU
		{B4067C78-D0A1-4194-AB15-DA2CF8ABD702}.Debug|x64.Build.0 = Debug|Any CPU
		{B4067C78-D0A1-4194-AB15-DA2CF8ABD702}.Debug|x86.ActiveCfg = Debug|Any CPU
		{B4067C78-D0A1-4194-AB15-DA2CF8ABD702}.Debug|x86.Build.0 = Debug|Any CPU
		{B4067C78-D0A1-4194-AB15-DA2CF8ABD702}.Release|Any CPU.ActiveCfg = Release|Any CPU
		{B4067C78-D0A1-4194-AB15-DA2CF8ABD702}.Release|Any CPU.Build.0 = Release|Any CPU
		{B4067C78-D0A1-4194-AB15-DA2CF8ABD702}.Release|x64.ActiveCfg = Release|Any CPU
		{B4067C78-D0A1-4194-AB15-DA2CF8ABD702}.Release|x64.Build.0 = Release|Any CPU
		{B4067C78-D0A1-4194-AB15-DA2CF8ABD702}.Release|x86.ActiveCfg = Release|Any CPU
		{B4067C78-D0A1-4194-AB15-DA2CF8ABD702}.Release|x86.Build.0 = Release|Any CPU
		{68B5C42E-8B27-459F-90A9-8F0B5A5DB1E7}.Debug|Any CPU.ActiveCfg = Debug|Any CPU
		{68B5C42E-8B27-459F-90A9-8F0B5A5DB1E7}.Debug|Any CPU.Build.0 = Debug|Any CPU
		{68B5C42E-8B27-459F-90A9-8F0B5A5DB1E7}.Debug|x64.ActiveCfg = Debug|Any CPU
		{68B5C42E-8B27-459F-90A9-8F0B5A5DB1E7}.Debug|x64.Build.0 = Debug|Any CPU
		{68B5C42E-8B27-459F-90A9-8F0B5A5DB1E7}.Debug|x86.ActiveCfg = Debug|Any CPU
		{68B5C42E-8B27-459F-90A9-8F0B5A5DB1E7}.Debug|x86.Build.0 = Debug|Any CPU
		{68B5C42E-8B27-459F-90A9-8F0B5A5DB1E7}.Release|Any CPU.ActiveCfg = Release|Any CPU
		{68B5C42E-8B27-459F-90A9-8F0B5A5DB1E7}.Release|Any CPU.Build.0 = Release|Any CPU
		{68B5C42E-8B27-459F-90A9-8F0B5A5DB1E7}.Release|x64.ActiveCfg = Release|Any CPU
		{68B5C42E-8B27-459F-90A9-8F0B5A5DB1E7}.Release|x64.Build.0 = Release|Any CPU
		{68B5C42E-8B27-459F-90A9-8F0B5A5DB1E7}.Release|x86.ActiveCfg = Release|Any CPU
		{68B5C42E-8B27-459F-90A9-8F0B5A5DB1E7}.Release|x86.Build.0 = Release|Any CPU
		{63F9099C-5544-4B1A-B84F-EF7F4F00EF77}.Debug|Any CPU.ActiveCfg = Debug|Any CPU
		{63F9099C-5544-4B1A-B84F-EF7F4F00EF77}.Debug|Any CPU.Build.0 = Debug|Any CPU
		{63F9099C-5544-4B1A-B84F-EF7F4F00EF77}.Debug|x64.ActiveCfg = Debug|Any CPU
		{63F9099C-5544-4B1A-B84F-EF7F4F00EF77}.Debug|x64.Build.0 = Debug|Any CPU
		{63F9099C-5544-4B1A-B84F-EF7F4F00EF77}.Debug|x86.ActiveCfg = Debug|Any CPU
		{63F9099C-5544-4B1A-B84F-EF7F4F00EF77}.Debug|x86.Build.0 = Debug|Any CPU
		{63F9099C-5544-4B1A-B84F-EF7F4F00EF77}.Release|Any CPU.ActiveCfg = Release|Any CPU
		{63F9099C-5544-4B1A-B84F-EF7F4F00EF77}.Release|Any CPU.Build.0 = Release|Any CPU
		{63F9099C-5544-4B1A-B84F-EF7F4F00EF77}.Release|x64.ActiveCfg = Release|Any CPU
		{63F9099C-5544-4B1A-B84F-EF7F4F00EF77}.Release|x64.Build.0 = Release|Any CPU
		{63F9099C-5544-4B1A-B84F-EF7F4F00EF77}.Release|x86.ActiveCfg = Release|Any CPU
		{63F9099C-5544-4B1A-B84F-EF7F4F00EF77}.Release|x86.Build.0 = Release|Any CPU
		{4DA76B52-FA02-4C3E-9110-973EB6C65ACB}.Debug|Any CPU.ActiveCfg = Debug|Any CPU
		{4DA76B52-FA02-4C3E-9110-973EB6C65ACB}.Debug|Any CPU.Build.0 = Debug|Any CPU
		{4DA76B52-FA02-4C3E-9110-973EB6C65ACB}.Debug|x64.ActiveCfg = Debug|Any CPU
		{4DA76B52-FA02-4C3E-9110-973EB6C65ACB}.Debug|x64.Build.0 = Debug|Any CPU
		{4DA76B52-FA02-4C3E-9110-973EB6C65ACB}.Debug|x86.ActiveCfg = Debug|Any CPU
		{4DA76B52-FA02-4C3E-9110-973EB6C65ACB}.Debug|x86.Build.0 = Debug|Any CPU
		{4DA76B52-FA02-4C3E-9110-973EB6C65ACB}.Release|Any CPU.ActiveCfg = Release|Any CPU
		{4DA76B52-FA02-4C3E-9110-973EB6C65ACB}.Release|Any CPU.Build.0 = Release|Any CPU
		{4DA76B52-FA02-4C3E-9110-973EB6C65ACB}.Release|x64.ActiveCfg = Release|Any CPU
		{4DA76B52-FA02-4C3E-9110-973EB6C65ACB}.Release|x64.Build.0 = Release|Any CPU
		{4DA76B52-FA02-4C3E-9110-973EB6C65ACB}.Release|x86.ActiveCfg = Release|Any CPU
		{4DA76B52-FA02-4C3E-9110-973EB6C65ACB}.Release|x86.Build.0 = Release|Any CPU
		{8846EEE8-D1C9-4827-96C6-D573AFC0B887}.Debug|Any CPU.ActiveCfg = Debug|Any CPU
		{8846EEE8-D1C9-4827-96C6-D573AFC0B887}.Debug|Any CPU.Build.0 = Debug|Any CPU
		{8846EEE8-D1C9-4827-96C6-D573AFC0B887}.Debug|x64.ActiveCfg = Debug|Any CPU
		{8846EEE8-D1C9-4827-96C6-D573AFC0B887}.Debug|x64.Build.0 = Debug|Any CPU
		{8846EEE8-D1C9-4827-96C6-D573AFC0B887}.Debug|x86.ActiveCfg = Debug|Any CPU
		{8846EEE8-D1C9-4827-96C6-D573AFC0B887}.Debug|x86.Build.0 = Debug|Any CPU
		{8846EEE8-D1C9-4827-96C6-D573AFC0B887}.Release|Any CPU.ActiveCfg = Release|Any CPU
		{8846EEE8-D1C9-4827-96C6-D573AFC0B887}.Release|Any CPU.Build.0 = Release|Any CPU
		{8846EEE8-D1C9-4827-96C6-D573AFC0B887}.Release|x64.ActiveCfg = Release|Any CPU
		{8846EEE8-D1C9-4827-96C6-D573AFC0B887}.Release|x64.Build.0 = Release|Any CPU
		{8846EEE8-D1C9-4827-96C6-D573AFC0B887}.Release|x86.ActiveCfg = Release|Any CPU
		{8846EEE8-D1C9-4827-96C6-D573AFC0B887}.Release|x86.Build.0 = Release|Any CPU
		{9DD88FE3-1518-49D8-A9F2-CDAE8573BF5F}.Debug|Any CPU.ActiveCfg = Debug|Any CPU
		{9DD88FE3-1518-49D8-A9F2-CDAE8573BF5F}.Debug|Any CPU.Build.0 = Debug|Any CPU
		{9DD88FE3-1518-49D8-A9F2-CDAE8573BF5F}.Debug|x64.ActiveCfg = Debug|Any CPU
		{9DD88FE3-1518-49D8-A9F2-CDAE8573BF5F}.Debug|x64.Build.0 = Debug|Any CPU
		{9DD88FE3-1518-49D8-A9F2-CDAE8573BF5F}.Debug|x86.ActiveCfg = Debug|Any CPU
		{9DD88FE3-1518-49D8-A9F2-CDAE8573BF5F}.Debug|x86.Build.0 = Debug|Any CPU
		{9DD88FE3-1518-49D8-A9F2-CDAE8573BF5F}.Release|Any CPU.ActiveCfg = Release|Any CPU
		{9DD88FE3-1518-49D8-A9F2-CDAE8573BF5F}.Release|Any CPU.Build.0 = Release|Any CPU
		{9DD88FE3-1518-49D8-A9F2-CDAE8573BF5F}.Release|x64.ActiveCfg = Release|Any CPU
		{9DD88FE3-1518-49D8-A9F2-CDAE8573BF5F}.Release|x64.Build.0 = Release|Any CPU
		{9DD88FE3-1518-49D8-A9F2-CDAE8573BF5F}.Release|x86.ActiveCfg = Release|Any CPU
		{9DD88FE3-1518-49D8-A9F2-CDAE8573BF5F}.Release|x86.Build.0 = Release|Any CPU
		{ADB32BA8-1D7B-4601-9E75-417084A4BBE1}.Debug|Any CPU.ActiveCfg = Debug|Any CPU
		{ADB32BA8-1D7B-4601-9E75-417084A4BBE1}.Debug|Any CPU.Build.0 = Debug|Any CPU
		{ADB32BA8-1D7B-4601-9E75-417084A4BBE1}.Debug|x64.ActiveCfg = Debug|Any CPU
		{ADB32BA8-1D7B-4601-9E75-417084A4BBE1}.Debug|x64.Build.0 = Debug|Any CPU
		{ADB32BA8-1D7B-4601-9E75-417084A4BBE1}.Debug|x86.ActiveCfg = Debug|Any CPU
		{ADB32BA8-1D7B-4601-9E75-417084A4BBE1}.Debug|x86.Build.0 = Debug|Any CPU
		{ADB32BA8-1D7B-4601-9E75-417084A4BBE1}.Release|Any CPU.ActiveCfg = Release|Any CPU
		{ADB32BA8-1D7B-4601-9E75-417084A4BBE1}.Release|Any CPU.Build.0 = Release|Any CPU
		{ADB32BA8-1D7B-4601-9E75-417084A4BBE1}.Release|x64.ActiveCfg = Release|Any CPU
		{ADB32BA8-1D7B-4601-9E75-417084A4BBE1}.Release|x64.Build.0 = Release|Any CPU
		{ADB32BA8-1D7B-4601-9E75-417084A4BBE1}.Release|x86.ActiveCfg = Release|Any CPU
		{ADB32BA8-1D7B-4601-9E75-417084A4BBE1}.Release|x86.Build.0 = Release|Any CPU
		{8975458E-9723-4183-BF43-C7B4DA8F1109}.Debug|Any CPU.ActiveCfg = Debug|Any CPU
		{8975458E-9723-4183-BF43-C7B4DA8F1109}.Debug|Any CPU.Build.0 = Debug|Any CPU
		{8975458E-9723-4183-BF43-C7B4DA8F1109}.Debug|x64.ActiveCfg = Debug|Any CPU
		{8975458E-9723-4183-BF43-C7B4DA8F1109}.Debug|x64.Build.0 = Debug|Any CPU
		{8975458E-9723-4183-BF43-C7B4DA8F1109}.Debug|x86.ActiveCfg = Debug|Any CPU
		{8975458E-9723-4183-BF43-C7B4DA8F1109}.Debug|x86.Build.0 = Debug|Any CPU
		{8975458E-9723-4183-BF43-C7B4DA8F1109}.Release|Any CPU.ActiveCfg = Release|Any CPU
		{8975458E-9723-4183-BF43-C7B4DA8F1109}.Release|Any CPU.Build.0 = Release|Any CPU
		{8975458E-9723-4183-BF43-C7B4DA8F1109}.Release|x64.ActiveCfg = Release|Any CPU
		{8975458E-9723-4183-BF43-C7B4DA8F1109}.Release|x64.Build.0 = Release|Any CPU
		{8975458E-9723-4183-BF43-C7B4DA8F1109}.Release|x86.ActiveCfg = Release|Any CPU
		{8975458E-9723-4183-BF43-C7B4DA8F1109}.Release|x86.Build.0 = Release|Any CPU
		{A81EBA0E-D684-4429-9CE8-A15AA5D9ACB4}.Debug|Any CPU.ActiveCfg = Debug|Any CPU
		{A81EBA0E-D684-4429-9CE8-A15AA5D9ACB4}.Debug|Any CPU.Build.0 = Debug|Any CPU
		{A81EBA0E-D684-4429-9CE8-A15AA5D9ACB4}.Debug|x64.ActiveCfg = Debug|Any CPU
		{A81EBA0E-D684-4429-9CE8-A15AA5D9ACB4}.Debug|x64.Build.0 = Debug|Any CPU
		{A81EBA0E-D684-4429-9CE8-A15AA5D9ACB4}.Debug|x86.ActiveCfg = Debug|Any CPU
		{A81EBA0E-D684-4429-9CE8-A15AA5D9ACB4}.Debug|x86.Build.0 = Debug|Any CPU
		{A81EBA0E-D684-4429-9CE8-A15AA5D9ACB4}.Release|Any CPU.ActiveCfg = Release|Any CPU
		{A81EBA0E-D684-4429-9CE8-A15AA5D9ACB4}.Release|Any CPU.Build.0 = Release|Any CPU
		{A81EBA0E-D684-4429-9CE8-A15AA5D9ACB4}.Release|x64.ActiveCfg = Release|Any CPU
		{A81EBA0E-D684-4429-9CE8-A15AA5D9ACB4}.Release|x64.Build.0 = Release|Any CPU
		{A81EBA0E-D684-4429-9CE8-A15AA5D9ACB4}.Release|x86.ActiveCfg = Release|Any CPU
		{A81EBA0E-D684-4429-9CE8-A15AA5D9ACB4}.Release|x86.Build.0 = Release|Any CPU
		{3679D1A8-58E6-4494-AA2F-7290B1AEA994}.Debug|Any CPU.ActiveCfg = Debug|Any CPU
		{3679D1A8-58E6-4494-AA2F-7290B1AEA994}.Debug|Any CPU.Build.0 = Debug|Any CPU
		{3679D1A8-58E6-4494-AA2F-7290B1AEA994}.Debug|x64.ActiveCfg = Debug|Any CPU
		{3679D1A8-58E6-4494-AA2F-7290B1AEA994}.Debug|x64.Build.0 = Debug|Any CPU
		{3679D1A8-58E6-4494-AA2F-7290B1AEA994}.Debug|x86.ActiveCfg = Debug|Any CPU
		{3679D1A8-58E6-4494-AA2F-7290B1AEA994}.Debug|x86.Build.0 = Debug|Any CPU
		{3679D1A8-58E6-4494-AA2F-7290B1AEA994}.Release|Any CPU.ActiveCfg = Release|Any CPU
		{3679D1A8-58E6-4494-AA2F-7290B1AEA994}.Release|Any CPU.Build.0 = Release|Any CPU
		{3679D1A8-58E6-4494-AA2F-7290B1AEA994}.Release|x64.ActiveCfg = Release|Any CPU
		{3679D1A8-58E6-4494-AA2F-7290B1AEA994}.Release|x64.Build.0 = Release|Any CPU
		{3679D1A8-58E6-4494-AA2F-7290B1AEA994}.Release|x86.ActiveCfg = Release|Any CPU
		{3679D1A8-58E6-4494-AA2F-7290B1AEA994}.Release|x86.Build.0 = Release|Any CPU
		{22C41C85-DC47-4A69-9592-151ED8F05C3C}.Debug|Any CPU.ActiveCfg = Debug|Any CPU
		{22C41C85-DC47-4A69-9592-151ED8F05C3C}.Debug|Any CPU.Build.0 = Debug|Any CPU
		{22C41C85-DC47-4A69-9592-151ED8F05C3C}.Debug|x64.ActiveCfg = Debug|Any CPU
		{22C41C85-DC47-4A69-9592-151ED8F05C3C}.Debug|x64.Build.0 = Debug|Any CPU
		{22C41C85-DC47-4A69-9592-151ED8F05C3C}.Debug|x86.ActiveCfg = Debug|Any CPU
		{22C41C85-DC47-4A69-9592-151ED8F05C3C}.Debug|x86.Build.0 = Debug|Any CPU
		{22C41C85-DC47-4A69-9592-151ED8F05C3C}.Release|Any CPU.ActiveCfg = Release|Any CPU
		{22C41C85-DC47-4A69-9592-151ED8F05C3C}.Release|Any CPU.Build.0 = Release|Any CPU
		{22C41C85-DC47-4A69-9592-151ED8F05C3C}.Release|x64.ActiveCfg = Release|Any CPU
		{22C41C85-DC47-4A69-9592-151ED8F05C3C}.Release|x64.Build.0 = Release|Any CPU
		{22C41C85-DC47-4A69-9592-151ED8F05C3C}.Release|x86.ActiveCfg = Release|Any CPU
		{22C41C85-DC47-4A69-9592-151ED8F05C3C}.Release|x86.Build.0 = Release|Any CPU
		{7EFD0076-9F95-437A-98AB-252527CD96B9}.Debug|Any CPU.ActiveCfg = Debug|Any CPU
		{7EFD0076-9F95-437A-98AB-252527CD96B9}.Debug|Any CPU.Build.0 = Debug|Any CPU
		{7EFD0076-9F95-437A-98AB-252527CD96B9}.Debug|x64.ActiveCfg = Debug|Any CPU
		{7EFD0076-9F95-437A-98AB-252527CD96B9}.Debug|x64.Build.0 = Debug|Any CPU
		{7EFD0076-9F95-437A-98AB-252527CD96B9}.Debug|x86.ActiveCfg = Debug|Any CPU
		{7EFD0076-9F95-437A-98AB-252527CD96B9}.Debug|x86.Build.0 = Debug|Any CPU
		{7EFD0076-9F95-437A-98AB-252527CD96B9}.Release|Any CPU.ActiveCfg = Release|Any CPU
		{7EFD0076-9F95-437A-98AB-252527CD96B9}.Release|Any CPU.Build.0 = Release|Any CPU
		{7EFD0076-9F95-437A-98AB-252527CD96B9}.Release|x64.ActiveCfg = Release|Any CPU
		{7EFD0076-9F95-437A-98AB-252527CD96B9}.Release|x64.Build.0 = Release|Any CPU
		{7EFD0076-9F95-437A-98AB-252527CD96B9}.Release|x86.ActiveCfg = Release|Any CPU
		{7EFD0076-9F95-437A-98AB-252527CD96B9}.Release|x86.Build.0 = Release|Any CPU
		{1539C700-6BE8-4D90-A102-B8B6F65CAE51}.Debug|Any CPU.ActiveCfg = Debug|Any CPU
		{1539C700-6BE8-4D90-A102-B8B6F65CAE51}.Debug|Any CPU.Build.0 = Debug|Any CPU
		{1539C700-6BE8-4D90-A102-B8B6F65CAE51}.Debug|x64.ActiveCfg = Debug|Any CPU
		{1539C700-6BE8-4D90-A102-B8B6F65CAE51}.Debug|x64.Build.0 = Debug|Any CPU
		{1539C700-6BE8-4D90-A102-B8B6F65CAE51}.Debug|x86.ActiveCfg = Debug|Any CPU
		{1539C700-6BE8-4D90-A102-B8B6F65CAE51}.Debug|x86.Build.0 = Debug|Any CPU
		{1539C700-6BE8-4D90-A102-B8B6F65CAE51}.Release|Any CPU.ActiveCfg = Release|Any CPU
		{1539C700-6BE8-4D90-A102-B8B6F65CAE51}.Release|Any CPU.Build.0 = Release|Any CPU
		{1539C700-6BE8-4D90-A102-B8B6F65CAE51}.Release|x64.ActiveCfg = Release|Any CPU
		{1539C700-6BE8-4D90-A102-B8B6F65CAE51}.Release|x64.Build.0 = Release|Any CPU
		{1539C700-6BE8-4D90-A102-B8B6F65CAE51}.Release|x86.ActiveCfg = Release|Any CPU
		{1539C700-6BE8-4D90-A102-B8B6F65CAE51}.Release|x86.Build.0 = Release|Any CPU
		{D4D0A446-3549-4502-BA60-ED7DA73CD44E}.Debug|Any CPU.ActiveCfg = Debug|Any CPU
		{D4D0A446-3549-4502-BA60-ED7DA73CD44E}.Debug|Any CPU.Build.0 = Debug|Any CPU
		{D4D0A446-3549-4502-BA60-ED7DA73CD44E}.Debug|x64.ActiveCfg = Debug|Any CPU
		{D4D0A446-3549-4502-BA60-ED7DA73CD44E}.Debug|x64.Build.0 = Debug|Any CPU
		{D4D0A446-3549-4502-BA60-ED7DA73CD44E}.Debug|x86.ActiveCfg = Debug|Any CPU
		{D4D0A446-3549-4502-BA60-ED7DA73CD44E}.Debug|x86.Build.0 = Debug|Any CPU
		{D4D0A446-3549-4502-BA60-ED7DA73CD44E}.Release|Any CPU.ActiveCfg = Release|Any CPU
		{D4D0A446-3549-4502-BA60-ED7DA73CD44E}.Release|Any CPU.Build.0 = Release|Any CPU
		{D4D0A446-3549-4502-BA60-ED7DA73CD44E}.Release|x64.ActiveCfg = Release|Any CPU
		{D4D0A446-3549-4502-BA60-ED7DA73CD44E}.Release|x64.Build.0 = Release|Any CPU
		{D4D0A446-3549-4502-BA60-ED7DA73CD44E}.Release|x86.ActiveCfg = Release|Any CPU
		{D4D0A446-3549-4502-BA60-ED7DA73CD44E}.Release|x86.Build.0 = Release|Any CPU
		{E391FB00-BC8F-47F0-BE4E-49E59C0799AF}.Debug|Any CPU.ActiveCfg = Debug|Any CPU
		{E391FB00-BC8F-47F0-BE4E-49E59C0799AF}.Debug|Any CPU.Build.0 = Debug|Any CPU
		{E391FB00-BC8F-47F0-BE4E-49E59C0799AF}.Debug|x64.ActiveCfg = Debug|Any CPU
		{E391FB00-BC8F-47F0-BE4E-49E59C0799AF}.Debug|x64.Build.0 = Debug|Any CPU
		{E391FB00-BC8F-47F0-BE4E-49E59C0799AF}.Debug|x86.ActiveCfg = Debug|Any CPU
		{E391FB00-BC8F-47F0-BE4E-49E59C0799AF}.Debug|x86.Build.0 = Debug|Any CPU
		{E391FB00-BC8F-47F0-BE4E-49E59C0799AF}.Release|Any CPU.ActiveCfg = Release|Any CPU
		{E391FB00-BC8F-47F0-BE4E-49E59C0799AF}.Release|Any CPU.Build.0 = Release|Any CPU
		{E391FB00-BC8F-47F0-BE4E-49E59C0799AF}.Release|x64.ActiveCfg = Release|Any CPU
		{E391FB00-BC8F-47F0-BE4E-49E59C0799AF}.Release|x64.Build.0 = Release|Any CPU
		{E391FB00-BC8F-47F0-BE4E-49E59C0799AF}.Release|x86.ActiveCfg = Release|Any CPU
		{E391FB00-BC8F-47F0-BE4E-49E59C0799AF}.Release|x86.Build.0 = Release|Any CPU
		{F3E90C19-C14D-4401-A829-DC076C8EA18A}.Debug|Any CPU.ActiveCfg = Debug|Any CPU
		{F3E90C19-C14D-4401-A829-DC076C8EA18A}.Debug|Any CPU.Build.0 = Debug|Any CPU
		{F3E90C19-C14D-4401-A829-DC076C8EA18A}.Debug|x64.ActiveCfg = Debug|Any CPU
		{F3E90C19-C14D-4401-A829-DC076C8EA18A}.Debug|x64.Build.0 = Debug|Any CPU
		{F3E90C19-C14D-4401-A829-DC076C8EA18A}.Debug|x86.ActiveCfg = Debug|Any CPU
		{F3E90C19-C14D-4401-A829-DC076C8EA18A}.Debug|x86.Build.0 = Debug|Any CPU
		{F3E90C19-C14D-4401-A829-DC076C8EA18A}.Release|Any CPU.ActiveCfg = Release|Any CPU
		{F3E90C19-C14D-4401-A829-DC076C8EA18A}.Release|Any CPU.Build.0 = Release|Any CPU
		{F3E90C19-C14D-4401-A829-DC076C8EA18A}.Release|x64.ActiveCfg = Release|Any CPU
		{F3E90C19-C14D-4401-A829-DC076C8EA18A}.Release|x64.Build.0 = Release|Any CPU
		{F3E90C19-C14D-4401-A829-DC076C8EA18A}.Release|x86.ActiveCfg = Release|Any CPU
		{F3E90C19-C14D-4401-A829-DC076C8EA18A}.Release|x86.Build.0 = Release|Any CPU
		{1163E5FD-275A-44E5-AD6F-3E5187ACC82B}.Debug|Any CPU.ActiveCfg = Debug|Any CPU
		{1163E5FD-275A-44E5-AD6F-3E5187ACC82B}.Debug|Any CPU.Build.0 = Debug|Any CPU
		{1163E5FD-275A-44E5-AD6F-3E5187ACC82B}.Debug|x64.ActiveCfg = Debug|Any CPU
		{1163E5FD-275A-44E5-AD6F-3E5187ACC82B}.Debug|x64.Build.0 = Debug|Any CPU
		{1163E5FD-275A-44E5-AD6F-3E5187ACC82B}.Debug|x86.ActiveCfg = Debug|Any CPU
		{1163E5FD-275A-44E5-AD6F-3E5187ACC82B}.Debug|x86.Build.0 = Debug|Any CPU
		{1163E5FD-275A-44E5-AD6F-3E5187ACC82B}.Release|Any CPU.ActiveCfg = Release|Any CPU
		{1163E5FD-275A-44E5-AD6F-3E5187ACC82B}.Release|Any CPU.Build.0 = Release|Any CPU
		{1163E5FD-275A-44E5-AD6F-3E5187ACC82B}.Release|x64.ActiveCfg = Release|Any CPU
		{1163E5FD-275A-44E5-AD6F-3E5187ACC82B}.Release|x64.Build.0 = Release|Any CPU
		{1163E5FD-275A-44E5-AD6F-3E5187ACC82B}.Release|x86.ActiveCfg = Release|Any CPU
		{1163E5FD-275A-44E5-AD6F-3E5187ACC82B}.Release|x86.Build.0 = Release|Any CPU
		{DE525914-0141-4C8E-B5BA-7FDCC01D957C}.Debug|Any CPU.ActiveCfg = Debug|Any CPU
		{DE525914-0141-4C8E-B5BA-7FDCC01D957C}.Debug|Any CPU.Build.0 = Debug|Any CPU
		{DE525914-0141-4C8E-B5BA-7FDCC01D957C}.Debug|x64.ActiveCfg = Debug|Any CPU
		{DE525914-0141-4C8E-B5BA-7FDCC01D957C}.Debug|x64.Build.0 = Debug|Any CPU
		{DE525914-0141-4C8E-B5BA-7FDCC01D957C}.Debug|x86.ActiveCfg = Debug|Any CPU
		{DE525914-0141-4C8E-B5BA-7FDCC01D957C}.Debug|x86.Build.0 = Debug|Any CPU
		{DE525914-0141-4C8E-B5BA-7FDCC01D957C}.Release|Any CPU.ActiveCfg = Release|Any CPU
		{DE525914-0141-4C8E-B5BA-7FDCC01D957C}.Release|Any CPU.Build.0 = Release|Any CPU
		{DE525914-0141-4C8E-B5BA-7FDCC01D957C}.Release|x64.ActiveCfg = Release|Any CPU
		{DE525914-0141-4C8E-B5BA-7FDCC01D957C}.Release|x64.Build.0 = Release|Any CPU
		{DE525914-0141-4C8E-B5BA-7FDCC01D957C}.Release|x86.ActiveCfg = Release|Any CPU
		{DE525914-0141-4C8E-B5BA-7FDCC01D957C}.Release|x86.Build.0 = Release|Any CPU
		{E6FBA781-8462-4317-86C5-ACEE9FC5B2ED}.Debug|Any CPU.ActiveCfg = Debug|Any CPU
		{E6FBA781-8462-4317-86C5-ACEE9FC5B2ED}.Debug|Any CPU.Build.0 = Debug|Any CPU
		{E6FBA781-8462-4317-86C5-ACEE9FC5B2ED}.Debug|x64.ActiveCfg = Debug|Any CPU
		{E6FBA781-8462-4317-86C5-ACEE9FC5B2ED}.Debug|x64.Build.0 = Debug|Any CPU
		{E6FBA781-8462-4317-86C5-ACEE9FC5B2ED}.Debug|x86.ActiveCfg = Debug|Any CPU
		{E6FBA781-8462-4317-86C5-ACEE9FC5B2ED}.Debug|x86.Build.0 = Debug|Any CPU
		{E6FBA781-8462-4317-86C5-ACEE9FC5B2ED}.Release|Any CPU.ActiveCfg = Release|Any CPU
		{E6FBA781-8462-4317-86C5-ACEE9FC5B2ED}.Release|Any CPU.Build.0 = Release|Any CPU
		{E6FBA781-8462-4317-86C5-ACEE9FC5B2ED}.Release|x64.ActiveCfg = Release|Any CPU
		{E6FBA781-8462-4317-86C5-ACEE9FC5B2ED}.Release|x64.Build.0 = Release|Any CPU
		{E6FBA781-8462-4317-86C5-ACEE9FC5B2ED}.Release|x86.ActiveCfg = Release|Any CPU
		{E6FBA781-8462-4317-86C5-ACEE9FC5B2ED}.Release|x86.Build.0 = Release|Any CPU
		{AC78DC91-612F-4083-B89C-8FF54092C7B9}.Debug|Any CPU.ActiveCfg = Debug|Any CPU
		{AC78DC91-612F-4083-B89C-8FF54092C7B9}.Debug|Any CPU.Build.0 = Debug|Any CPU
		{AC78DC91-612F-4083-B89C-8FF54092C7B9}.Debug|x64.ActiveCfg = Debug|Any CPU
		{AC78DC91-612F-4083-B89C-8FF54092C7B9}.Debug|x64.Build.0 = Debug|Any CPU
		{AC78DC91-612F-4083-B89C-8FF54092C7B9}.Debug|x86.ActiveCfg = Debug|Any CPU
		{AC78DC91-612F-4083-B89C-8FF54092C7B9}.Debug|x86.Build.0 = Debug|Any CPU
		{AC78DC91-612F-4083-B89C-8FF54092C7B9}.Release|Any CPU.ActiveCfg = Release|Any CPU
		{AC78DC91-612F-4083-B89C-8FF54092C7B9}.Release|Any CPU.Build.0 = Release|Any CPU
		{AC78DC91-612F-4083-B89C-8FF54092C7B9}.Release|x64.ActiveCfg = Release|Any CPU
		{AC78DC91-612F-4083-B89C-8FF54092C7B9}.Release|x64.Build.0 = Release|Any CPU
		{AC78DC91-612F-4083-B89C-8FF54092C7B9}.Release|x86.ActiveCfg = Release|Any CPU
		{AC78DC91-612F-4083-B89C-8FF54092C7B9}.Release|x86.Build.0 = Release|Any CPU
		{15063D76-B0AD-4671-B3A3-F02D0E82A313}.Debug|Any CPU.ActiveCfg = Debug|Any CPU
		{15063D76-B0AD-4671-B3A3-F02D0E82A313}.Debug|Any CPU.Build.0 = Debug|Any CPU
		{15063D76-B0AD-4671-B3A3-F02D0E82A313}.Debug|x64.ActiveCfg = Debug|Any CPU
		{15063D76-B0AD-4671-B3A3-F02D0E82A313}.Debug|x64.Build.0 = Debug|Any CPU
		{15063D76-B0AD-4671-B3A3-F02D0E82A313}.Debug|x86.ActiveCfg = Debug|Any CPU
		{15063D76-B0AD-4671-B3A3-F02D0E82A313}.Debug|x86.Build.0 = Debug|Any CPU
		{15063D76-B0AD-4671-B3A3-F02D0E82A313}.Release|Any CPU.ActiveCfg = Release|Any CPU
		{15063D76-B0AD-4671-B3A3-F02D0E82A313}.Release|Any CPU.Build.0 = Release|Any CPU
		{15063D76-B0AD-4671-B3A3-F02D0E82A313}.Release|x64.ActiveCfg = Release|Any CPU
		{15063D76-B0AD-4671-B3A3-F02D0E82A313}.Release|x64.Build.0 = Release|Any CPU
		{15063D76-B0AD-4671-B3A3-F02D0E82A313}.Release|x86.ActiveCfg = Release|Any CPU
		{15063D76-B0AD-4671-B3A3-F02D0E82A313}.Release|x86.Build.0 = Release|Any CPU
		{43AFAB06-B3D7-446A-AD4A-A6B2C70FDD72}.Debug|Any CPU.ActiveCfg = Debug|Any CPU
		{43AFAB06-B3D7-446A-AD4A-A6B2C70FDD72}.Debug|Any CPU.Build.0 = Debug|Any CPU
		{43AFAB06-B3D7-446A-AD4A-A6B2C70FDD72}.Debug|x64.ActiveCfg = Debug|Any CPU
		{43AFAB06-B3D7-446A-AD4A-A6B2C70FDD72}.Debug|x64.Build.0 = Debug|Any CPU
		{43AFAB06-B3D7-446A-AD4A-A6B2C70FDD72}.Debug|x86.ActiveCfg = Debug|Any CPU
		{43AFAB06-B3D7-446A-AD4A-A6B2C70FDD72}.Debug|x86.Build.0 = Debug|Any CPU
		{43AFAB06-B3D7-446A-AD4A-A6B2C70FDD72}.Release|Any CPU.ActiveCfg = Release|Any CPU
		{43AFAB06-B3D7-446A-AD4A-A6B2C70FDD72}.Release|Any CPU.Build.0 = Release|Any CPU
		{43AFAB06-B3D7-446A-AD4A-A6B2C70FDD72}.Release|x64.ActiveCfg = Release|Any CPU
		{43AFAB06-B3D7-446A-AD4A-A6B2C70FDD72}.Release|x64.Build.0 = Release|Any CPU
		{43AFAB06-B3D7-446A-AD4A-A6B2C70FDD72}.Release|x86.ActiveCfg = Release|Any CPU
		{43AFAB06-B3D7-446A-AD4A-A6B2C70FDD72}.Release|x86.Build.0 = Release|Any CPU
		{D9003938-3A8D-4289-862F-BCC4B6CAB7A0}.Debug|Any CPU.ActiveCfg = Debug|Any CPU
		{D9003938-3A8D-4289-862F-BCC4B6CAB7A0}.Debug|Any CPU.Build.0 = Debug|Any CPU
		{D9003938-3A8D-4289-862F-BCC4B6CAB7A0}.Debug|x64.ActiveCfg = Debug|Any CPU
		{D9003938-3A8D-4289-862F-BCC4B6CAB7A0}.Debug|x64.Build.0 = Debug|Any CPU
		{D9003938-3A8D-4289-862F-BCC4B6CAB7A0}.Debug|x86.ActiveCfg = Debug|Any CPU
		{D9003938-3A8D-4289-862F-BCC4B6CAB7A0}.Debug|x86.Build.0 = Debug|Any CPU
		{D9003938-3A8D-4289-862F-BCC4B6CAB7A0}.Release|Any CPU.ActiveCfg = Release|Any CPU
		{D9003938-3A8D-4289-862F-BCC4B6CAB7A0}.Release|Any CPU.Build.0 = Release|Any CPU
		{D9003938-3A8D-4289-862F-BCC4B6CAB7A0}.Release|x64.ActiveCfg = Release|Any CPU
		{D9003938-3A8D-4289-862F-BCC4B6CAB7A0}.Release|x64.Build.0 = Release|Any CPU
		{D9003938-3A8D-4289-862F-BCC4B6CAB7A0}.Release|x86.ActiveCfg = Release|Any CPU
		{D9003938-3A8D-4289-862F-BCC4B6CAB7A0}.Release|x86.Build.0 = Release|Any CPU
		{7E15F705-AC65-4140-B03A-98F985F39B74}.Debug|Any CPU.ActiveCfg = Debug|Any CPU
		{7E15F705-AC65-4140-B03A-98F985F39B74}.Debug|Any CPU.Build.0 = Debug|Any CPU
		{7E15F705-AC65-4140-B03A-98F985F39B74}.Debug|x64.ActiveCfg = Debug|Any CPU
		{7E15F705-AC65-4140-B03A-98F985F39B74}.Debug|x64.Build.0 = Debug|Any CPU
		{7E15F705-AC65-4140-B03A-98F985F39B74}.Debug|x86.ActiveCfg = Debug|Any CPU
		{7E15F705-AC65-4140-B03A-98F985F39B74}.Debug|x86.Build.0 = Debug|Any CPU
		{7E15F705-AC65-4140-B03A-98F985F39B74}.Release|Any CPU.ActiveCfg = Release|Any CPU
		{7E15F705-AC65-4140-B03A-98F985F39B74}.Release|Any CPU.Build.0 = Release|Any CPU
		{7E15F705-AC65-4140-B03A-98F985F39B74}.Release|x64.ActiveCfg = Release|Any CPU
		{7E15F705-AC65-4140-B03A-98F985F39B74}.Release|x64.Build.0 = Release|Any CPU
		{7E15F705-AC65-4140-B03A-98F985F39B74}.Release|x86.ActiveCfg = Release|Any CPU
		{7E15F705-AC65-4140-B03A-98F985F39B74}.Release|x86.Build.0 = Release|Any CPU
		{4CA35069-1E6C-4DD3-967D-A98ACDBE1B07}.Debug|Any CPU.ActiveCfg = Debug|Any CPU
		{4CA35069-1E6C-4DD3-967D-A98ACDBE1B07}.Debug|Any CPU.Build.0 = Debug|Any CPU
		{4CA35069-1E6C-4DD3-967D-A98ACDBE1B07}.Debug|x64.ActiveCfg = Debug|Any CPU
		{4CA35069-1E6C-4DD3-967D-A98ACDBE1B07}.Debug|x64.Build.0 = Debug|Any CPU
		{4CA35069-1E6C-4DD3-967D-A98ACDBE1B07}.Debug|x86.ActiveCfg = Debug|Any CPU
		{4CA35069-1E6C-4DD3-967D-A98ACDBE1B07}.Debug|x86.Build.0 = Debug|Any CPU
		{4CA35069-1E6C-4DD3-967D-A98ACDBE1B07}.Release|Any CPU.ActiveCfg = Release|Any CPU
		{4CA35069-1E6C-4DD3-967D-A98ACDBE1B07}.Release|Any CPU.Build.0 = Release|Any CPU
		{4CA35069-1E6C-4DD3-967D-A98ACDBE1B07}.Release|x64.ActiveCfg = Release|Any CPU
		{4CA35069-1E6C-4DD3-967D-A98ACDBE1B07}.Release|x64.Build.0 = Release|Any CPU
		{4CA35069-1E6C-4DD3-967D-A98ACDBE1B07}.Release|x86.ActiveCfg = Release|Any CPU
		{4CA35069-1E6C-4DD3-967D-A98ACDBE1B07}.Release|x86.Build.0 = Release|Any CPU
		{065716C7-D1C9-48CF-B54B-0AB7382A2399}.Debug|Any CPU.ActiveCfg = Debug|Any CPU
		{065716C7-D1C9-48CF-B54B-0AB7382A2399}.Debug|Any CPU.Build.0 = Debug|Any CPU
		{065716C7-D1C9-48CF-B54B-0AB7382A2399}.Debug|x64.ActiveCfg = Debug|Any CPU
		{065716C7-D1C9-48CF-B54B-0AB7382A2399}.Debug|x64.Build.0 = Debug|Any CPU
		{065716C7-D1C9-48CF-B54B-0AB7382A2399}.Debug|x86.ActiveCfg = Debug|Any CPU
		{065716C7-D1C9-48CF-B54B-0AB7382A2399}.Debug|x86.Build.0 = Debug|Any CPU
		{065716C7-D1C9-48CF-B54B-0AB7382A2399}.Release|Any CPU.ActiveCfg = Release|Any CPU
		{065716C7-D1C9-48CF-B54B-0AB7382A2399}.Release|Any CPU.Build.0 = Release|Any CPU
		{065716C7-D1C9-48CF-B54B-0AB7382A2399}.Release|x64.ActiveCfg = Release|Any CPU
		{065716C7-D1C9-48CF-B54B-0AB7382A2399}.Release|x64.Build.0 = Release|Any CPU
		{065716C7-D1C9-48CF-B54B-0AB7382A2399}.Release|x86.ActiveCfg = Release|Any CPU
		{065716C7-D1C9-48CF-B54B-0AB7382A2399}.Release|x86.Build.0 = Release|Any CPU
		{85BB5980-28D2-4861-A701-6DDB5E273D15}.Debug|Any CPU.ActiveCfg = Debug|Any CPU
		{85BB5980-28D2-4861-A701-6DDB5E273D15}.Debug|Any CPU.Build.0 = Debug|Any CPU
		{85BB5980-28D2-4861-A701-6DDB5E273D15}.Debug|x64.ActiveCfg = Debug|Any CPU
		{85BB5980-28D2-4861-A701-6DDB5E273D15}.Debug|x64.Build.0 = Debug|Any CPU
		{85BB5980-28D2-4861-A701-6DDB5E273D15}.Debug|x86.ActiveCfg = Debug|Any CPU
		{85BB5980-28D2-4861-A701-6DDB5E273D15}.Debug|x86.Build.0 = Debug|Any CPU
		{85BB5980-28D2-4861-A701-6DDB5E273D15}.Release|Any CPU.ActiveCfg = Release|Any CPU
		{85BB5980-28D2-4861-A701-6DDB5E273D15}.Release|Any CPU.Build.0 = Release|Any CPU
		{85BB5980-28D2-4861-A701-6DDB5E273D15}.Release|x64.ActiveCfg = Release|Any CPU
		{85BB5980-28D2-4861-A701-6DDB5E273D15}.Release|x64.Build.0 = Release|Any CPU
		{85BB5980-28D2-4861-A701-6DDB5E273D15}.Release|x86.ActiveCfg = Release|Any CPU
		{85BB5980-28D2-4861-A701-6DDB5E273D15}.Release|x86.Build.0 = Release|Any CPU
		{3A30248C-2B42-40A7-8914-B81D5126E046}.Debug|Any CPU.ActiveCfg = Debug|Any CPU
		{3A30248C-2B42-40A7-8914-B81D5126E046}.Debug|Any CPU.Build.0 = Debug|Any CPU
		{3A30248C-2B42-40A7-8914-B81D5126E046}.Debug|x64.ActiveCfg = Debug|Any CPU
		{3A30248C-2B42-40A7-8914-B81D5126E046}.Debug|x64.Build.0 = Debug|Any CPU
		{3A30248C-2B42-40A7-8914-B81D5126E046}.Debug|x86.ActiveCfg = Debug|Any CPU
		{3A30248C-2B42-40A7-8914-B81D5126E046}.Debug|x86.Build.0 = Debug|Any CPU
		{3A30248C-2B42-40A7-8914-B81D5126E046}.Release|Any CPU.ActiveCfg = Release|Any CPU
		{3A30248C-2B42-40A7-8914-B81D5126E046}.Release|Any CPU.Build.0 = Release|Any CPU
		{3A30248C-2B42-40A7-8914-B81D5126E046}.Release|x64.ActiveCfg = Release|Any CPU
		{3A30248C-2B42-40A7-8914-B81D5126E046}.Release|x64.Build.0 = Release|Any CPU
		{3A30248C-2B42-40A7-8914-B81D5126E046}.Release|x86.ActiveCfg = Release|Any CPU
		{3A30248C-2B42-40A7-8914-B81D5126E046}.Release|x86.Build.0 = Release|Any CPU
		{A2092EF4-8EAB-4B62-9F3F-E36005E1E99A}.Debug|Any CPU.ActiveCfg = Debug|Any CPU
		{A2092EF4-8EAB-4B62-9F3F-E36005E1E99A}.Debug|Any CPU.Build.0 = Debug|Any CPU
		{A2092EF4-8EAB-4B62-9F3F-E36005E1E99A}.Debug|x64.ActiveCfg = Debug|Any CPU
		{A2092EF4-8EAB-4B62-9F3F-E36005E1E99A}.Debug|x64.Build.0 = Debug|Any CPU
		{A2092EF4-8EAB-4B62-9F3F-E36005E1E99A}.Debug|x86.ActiveCfg = Debug|Any CPU
		{A2092EF4-8EAB-4B62-9F3F-E36005E1E99A}.Debug|x86.Build.0 = Debug|Any CPU
		{A2092EF4-8EAB-4B62-9F3F-E36005E1E99A}.Release|Any CPU.ActiveCfg = Release|Any CPU
		{A2092EF4-8EAB-4B62-9F3F-E36005E1E99A}.Release|Any CPU.Build.0 = Release|Any CPU
		{A2092EF4-8EAB-4B62-9F3F-E36005E1E99A}.Release|x64.ActiveCfg = Release|Any CPU
		{A2092EF4-8EAB-4B62-9F3F-E36005E1E99A}.Release|x64.Build.0 = Release|Any CPU
		{A2092EF4-8EAB-4B62-9F3F-E36005E1E99A}.Release|x86.ActiveCfg = Release|Any CPU
		{A2092EF4-8EAB-4B62-9F3F-E36005E1E99A}.Release|x86.Build.0 = Release|Any CPU
		{4FCC8036-8329-42BE-92DD-3930D457C3CA}.Debug|Any CPU.ActiveCfg = Debug|Any CPU
		{4FCC8036-8329-42BE-92DD-3930D457C3CA}.Debug|Any CPU.Build.0 = Debug|Any CPU
		{4FCC8036-8329-42BE-92DD-3930D457C3CA}.Debug|x64.ActiveCfg = Debug|Any CPU
		{4FCC8036-8329-42BE-92DD-3930D457C3CA}.Debug|x64.Build.0 = Debug|Any CPU
		{4FCC8036-8329-42BE-92DD-3930D457C3CA}.Debug|x86.ActiveCfg = Debug|Any CPU
		{4FCC8036-8329-42BE-92DD-3930D457C3CA}.Debug|x86.Build.0 = Debug|Any CPU
		{4FCC8036-8329-42BE-92DD-3930D457C3CA}.Release|Any CPU.ActiveCfg = Release|Any CPU
		{4FCC8036-8329-42BE-92DD-3930D457C3CA}.Release|Any CPU.Build.0 = Release|Any CPU
		{4FCC8036-8329-42BE-92DD-3930D457C3CA}.Release|x64.ActiveCfg = Release|Any CPU
		{4FCC8036-8329-42BE-92DD-3930D457C3CA}.Release|x64.Build.0 = Release|Any CPU
		{4FCC8036-8329-42BE-92DD-3930D457C3CA}.Release|x86.ActiveCfg = Release|Any CPU
		{4FCC8036-8329-42BE-92DD-3930D457C3CA}.Release|x86.Build.0 = Release|Any CPU
		{AA860267-6770-41BF-9A32-BF3972128531}.Debug|Any CPU.ActiveCfg = Debug|Any CPU
		{AA860267-6770-41BF-9A32-BF3972128531}.Debug|Any CPU.Build.0 = Debug|Any CPU
		{AA860267-6770-41BF-9A32-BF3972128531}.Debug|x64.ActiveCfg = Debug|Any CPU
		{AA860267-6770-41BF-9A32-BF3972128531}.Debug|x64.Build.0 = Debug|Any CPU
		{AA860267-6770-41BF-9A32-BF3972128531}.Debug|x86.ActiveCfg = Debug|Any CPU
		{AA860267-6770-41BF-9A32-BF3972128531}.Debug|x86.Build.0 = Debug|Any CPU
		{AA860267-6770-41BF-9A32-BF3972128531}.Release|Any CPU.ActiveCfg = Release|Any CPU
		{AA860267-6770-41BF-9A32-BF3972128531}.Release|Any CPU.Build.0 = Release|Any CPU
		{AA860267-6770-41BF-9A32-BF3972128531}.Release|x64.ActiveCfg = Release|Any CPU
		{AA860267-6770-41BF-9A32-BF3972128531}.Release|x64.Build.0 = Release|Any CPU
		{AA860267-6770-41BF-9A32-BF3972128531}.Release|x86.ActiveCfg = Release|Any CPU
		{AA860267-6770-41BF-9A32-BF3972128531}.Release|x86.Build.0 = Release|Any CPU
		{102C0107-B6F1-4CFE-8AC3-F120C656621E}.Debug|Any CPU.ActiveCfg = Debug|Any CPU
		{102C0107-B6F1-4CFE-8AC3-F120C656621E}.Debug|Any CPU.Build.0 = Debug|Any CPU
		{102C0107-B6F1-4CFE-8AC3-F120C656621E}.Debug|x64.ActiveCfg = Debug|Any CPU
		{102C0107-B6F1-4CFE-8AC3-F120C656621E}.Debug|x64.Build.0 = Debug|Any CPU
		{102C0107-B6F1-4CFE-8AC3-F120C656621E}.Debug|x86.ActiveCfg = Debug|Any CPU
		{102C0107-B6F1-4CFE-8AC3-F120C656621E}.Debug|x86.Build.0 = Debug|Any CPU
		{102C0107-B6F1-4CFE-8AC3-F120C656621E}.Release|Any CPU.ActiveCfg = Release|Any CPU
		{102C0107-B6F1-4CFE-8AC3-F120C656621E}.Release|Any CPU.Build.0 = Release|Any CPU
		{102C0107-B6F1-4CFE-8AC3-F120C656621E}.Release|x64.ActiveCfg = Release|Any CPU
		{102C0107-B6F1-4CFE-8AC3-F120C656621E}.Release|x64.Build.0 = Release|Any CPU
		{102C0107-B6F1-4CFE-8AC3-F120C656621E}.Release|x86.ActiveCfg = Release|Any CPU
		{102C0107-B6F1-4CFE-8AC3-F120C656621E}.Release|x86.Build.0 = Release|Any CPU
		{1413A6E7-01A9-4734-A904-700EA2468FB8}.Debug|Any CPU.ActiveCfg = Debug|Any CPU
		{1413A6E7-01A9-4734-A904-700EA2468FB8}.Debug|Any CPU.Build.0 = Debug|Any CPU
		{1413A6E7-01A9-4734-A904-700EA2468FB8}.Debug|x64.ActiveCfg = Debug|Any CPU
		{1413A6E7-01A9-4734-A904-700EA2468FB8}.Debug|x64.Build.0 = Debug|Any CPU
		{1413A6E7-01A9-4734-A904-700EA2468FB8}.Debug|x86.ActiveCfg = Debug|Any CPU
		{1413A6E7-01A9-4734-A904-700EA2468FB8}.Debug|x86.Build.0 = Debug|Any CPU
		{1413A6E7-01A9-4734-A904-700EA2468FB8}.Release|Any CPU.ActiveCfg = Release|Any CPU
		{1413A6E7-01A9-4734-A904-700EA2468FB8}.Release|Any CPU.Build.0 = Release|Any CPU
		{1413A6E7-01A9-4734-A904-700EA2468FB8}.Release|x64.ActiveCfg = Release|Any CPU
		{1413A6E7-01A9-4734-A904-700EA2468FB8}.Release|x64.Build.0 = Release|Any CPU
		{1413A6E7-01A9-4734-A904-700EA2468FB8}.Release|x86.ActiveCfg = Release|Any CPU
		{1413A6E7-01A9-4734-A904-700EA2468FB8}.Release|x86.Build.0 = Release|Any CPU
		{981224F3-ECFF-45FF-8324-9B3C73FFA23C}.Debug|Any CPU.ActiveCfg = Debug|Any CPU
		{981224F3-ECFF-45FF-8324-9B3C73FFA23C}.Debug|Any CPU.Build.0 = Debug|Any CPU
		{981224F3-ECFF-45FF-8324-9B3C73FFA23C}.Debug|x64.ActiveCfg = Debug|Any CPU
		{981224F3-ECFF-45FF-8324-9B3C73FFA23C}.Debug|x64.Build.0 = Debug|Any CPU
		{981224F3-ECFF-45FF-8324-9B3C73FFA23C}.Debug|x86.ActiveCfg = Debug|Any CPU
		{981224F3-ECFF-45FF-8324-9B3C73FFA23C}.Debug|x86.Build.0 = Debug|Any CPU
		{981224F3-ECFF-45FF-8324-9B3C73FFA23C}.Release|Any CPU.ActiveCfg = Release|Any CPU
		{981224F3-ECFF-45FF-8324-9B3C73FFA23C}.Release|Any CPU.Build.0 = Release|Any CPU
		{981224F3-ECFF-45FF-8324-9B3C73FFA23C}.Release|x64.ActiveCfg = Release|Any CPU
		{981224F3-ECFF-45FF-8324-9B3C73FFA23C}.Release|x64.Build.0 = Release|Any CPU
		{981224F3-ECFF-45FF-8324-9B3C73FFA23C}.Release|x86.ActiveCfg = Release|Any CPU
		{981224F3-ECFF-45FF-8324-9B3C73FFA23C}.Release|x86.Build.0 = Release|Any CPU
		{7C1D52E1-BB90-4372-8E2B-4DD2AD93ACB4}.Debug|Any CPU.ActiveCfg = Debug|Any CPU
		{7C1D52E1-BB90-4372-8E2B-4DD2AD93ACB4}.Debug|Any CPU.Build.0 = Debug|Any CPU
		{7C1D52E1-BB90-4372-8E2B-4DD2AD93ACB4}.Debug|x64.ActiveCfg = Debug|Any CPU
		{7C1D52E1-BB90-4372-8E2B-4DD2AD93ACB4}.Debug|x64.Build.0 = Debug|Any CPU
		{7C1D52E1-BB90-4372-8E2B-4DD2AD93ACB4}.Debug|x86.ActiveCfg = Debug|Any CPU
		{7C1D52E1-BB90-4372-8E2B-4DD2AD93ACB4}.Debug|x86.Build.0 = Debug|Any CPU
		{7C1D52E1-BB90-4372-8E2B-4DD2AD93ACB4}.Release|Any CPU.ActiveCfg = Release|Any CPU
		{7C1D52E1-BB90-4372-8E2B-4DD2AD93ACB4}.Release|Any CPU.Build.0 = Release|Any CPU
		{7C1D52E1-BB90-4372-8E2B-4DD2AD93ACB4}.Release|x64.ActiveCfg = Release|Any CPU
		{7C1D52E1-BB90-4372-8E2B-4DD2AD93ACB4}.Release|x64.Build.0 = Release|Any CPU
		{7C1D52E1-BB90-4372-8E2B-4DD2AD93ACB4}.Release|x86.ActiveCfg = Release|Any CPU
		{7C1D52E1-BB90-4372-8E2B-4DD2AD93ACB4}.Release|x86.Build.0 = Release|Any CPU
		{BD91E1A7-6532-4059-A7B1-3131ADD34EFC}.Debug|Any CPU.ActiveCfg = Debug|Any CPU
		{BD91E1A7-6532-4059-A7B1-3131ADD34EFC}.Debug|Any CPU.Build.0 = Debug|Any CPU
		{BD91E1A7-6532-4059-A7B1-3131ADD34EFC}.Debug|x64.ActiveCfg = Debug|Any CPU
		{BD91E1A7-6532-4059-A7B1-3131ADD34EFC}.Debug|x64.Build.0 = Debug|Any CPU
		{BD91E1A7-6532-4059-A7B1-3131ADD34EFC}.Debug|x86.ActiveCfg = Debug|Any CPU
		{BD91E1A7-6532-4059-A7B1-3131ADD34EFC}.Debug|x86.Build.0 = Debug|Any CPU
		{BD91E1A7-6532-4059-A7B1-3131ADD34EFC}.Release|Any CPU.ActiveCfg = Release|Any CPU
		{BD91E1A7-6532-4059-A7B1-3131ADD34EFC}.Release|Any CPU.Build.0 = Release|Any CPU
		{BD91E1A7-6532-4059-A7B1-3131ADD34EFC}.Release|x64.ActiveCfg = Release|Any CPU
		{BD91E1A7-6532-4059-A7B1-3131ADD34EFC}.Release|x64.Build.0 = Release|Any CPU
		{BD91E1A7-6532-4059-A7B1-3131ADD34EFC}.Release|x86.ActiveCfg = Release|Any CPU
		{BD91E1A7-6532-4059-A7B1-3131ADD34EFC}.Release|x86.Build.0 = Release|Any CPU
		{8A56F66B-448E-4BB0-8F9D-CBE95817339D}.Debug|Any CPU.ActiveCfg = Debug|Any CPU
		{8A56F66B-448E-4BB0-8F9D-CBE95817339D}.Debug|Any CPU.Build.0 = Debug|Any CPU
		{8A56F66B-448E-4BB0-8F9D-CBE95817339D}.Debug|x64.ActiveCfg = Debug|Any CPU
		{8A56F66B-448E-4BB0-8F9D-CBE95817339D}.Debug|x64.Build.0 = Debug|Any CPU
		{8A56F66B-448E-4BB0-8F9D-CBE95817339D}.Debug|x86.ActiveCfg = Debug|Any CPU
		{8A56F66B-448E-4BB0-8F9D-CBE95817339D}.Debug|x86.Build.0 = Debug|Any CPU
		{8A56F66B-448E-4BB0-8F9D-CBE95817339D}.Release|Any CPU.ActiveCfg = Release|Any CPU
		{8A56F66B-448E-4BB0-8F9D-CBE95817339D}.Release|Any CPU.Build.0 = Release|Any CPU
		{8A56F66B-448E-4BB0-8F9D-CBE95817339D}.Release|x64.ActiveCfg = Release|Any CPU
		{8A56F66B-448E-4BB0-8F9D-CBE95817339D}.Release|x64.Build.0 = Release|Any CPU
		{8A56F66B-448E-4BB0-8F9D-CBE95817339D}.Release|x86.ActiveCfg = Release|Any CPU
		{8A56F66B-448E-4BB0-8F9D-CBE95817339D}.Release|x86.Build.0 = Release|Any CPU
		{328A63A6-D783-4DEA-8F4C-DB8522C81DF7}.Debug|Any CPU.ActiveCfg = Debug|Any CPU
		{328A63A6-D783-4DEA-8F4C-DB8522C81DF7}.Debug|Any CPU.Build.0 = Debug|Any CPU
		{328A63A6-D783-4DEA-8F4C-DB8522C81DF7}.Debug|x64.ActiveCfg = Debug|Any CPU
		{328A63A6-D783-4DEA-8F4C-DB8522C81DF7}.Debug|x64.Build.0 = Debug|Any CPU
		{328A63A6-D783-4DEA-8F4C-DB8522C81DF7}.Debug|x86.ActiveCfg = Debug|Any CPU
		{328A63A6-D783-4DEA-8F4C-DB8522C81DF7}.Debug|x86.Build.0 = Debug|Any CPU
		{328A63A6-D783-4DEA-8F4C-DB8522C81DF7}.Release|Any CPU.ActiveCfg = Release|Any CPU
		{328A63A6-D783-4DEA-8F4C-DB8522C81DF7}.Release|Any CPU.Build.0 = Release|Any CPU
		{328A63A6-D783-4DEA-8F4C-DB8522C81DF7}.Release|x64.ActiveCfg = Release|Any CPU
		{328A63A6-D783-4DEA-8F4C-DB8522C81DF7}.Release|x64.Build.0 = Release|Any CPU
		{328A63A6-D783-4DEA-8F4C-DB8522C81DF7}.Release|x86.ActiveCfg = Release|Any CPU
		{328A63A6-D783-4DEA-8F4C-DB8522C81DF7}.Release|x86.Build.0 = Release|Any CPU
		{E6DCD997-0AAE-4009-B0E2-1971A82EF89C}.Debug|Any CPU.ActiveCfg = Debug|Any CPU
		{E6DCD997-0AAE-4009-B0E2-1971A82EF89C}.Debug|Any CPU.Build.0 = Debug|Any CPU
		{E6DCD997-0AAE-4009-B0E2-1971A82EF89C}.Debug|x64.ActiveCfg = Debug|Any CPU
		{E6DCD997-0AAE-4009-B0E2-1971A82EF89C}.Debug|x64.Build.0 = Debug|Any CPU
		{E6DCD997-0AAE-4009-B0E2-1971A82EF89C}.Debug|x86.ActiveCfg = Debug|Any CPU
		{E6DCD997-0AAE-4009-B0E2-1971A82EF89C}.Debug|x86.Build.0 = Debug|Any CPU
		{E6DCD997-0AAE-4009-B0E2-1971A82EF89C}.Release|Any CPU.ActiveCfg = Release|Any CPU
		{E6DCD997-0AAE-4009-B0E2-1971A82EF89C}.Release|Any CPU.Build.0 = Release|Any CPU
		{E6DCD997-0AAE-4009-B0E2-1971A82EF89C}.Release|x64.ActiveCfg = Release|Any CPU
		{E6DCD997-0AAE-4009-B0E2-1971A82EF89C}.Release|x64.Build.0 = Release|Any CPU
		{E6DCD997-0AAE-4009-B0E2-1971A82EF89C}.Release|x86.ActiveCfg = Release|Any CPU
		{E6DCD997-0AAE-4009-B0E2-1971A82EF89C}.Release|x86.Build.0 = Release|Any CPU
		{4C9D9CB2-9F7D-46F8-8EED-AA865CA6E1D2}.Debug|Any CPU.ActiveCfg = Debug|Any CPU
		{4C9D9CB2-9F7D-46F8-8EED-AA865CA6E1D2}.Debug|Any CPU.Build.0 = Debug|Any CPU
		{4C9D9CB2-9F7D-46F8-8EED-AA865CA6E1D2}.Debug|x64.ActiveCfg = Debug|Any CPU
		{4C9D9CB2-9F7D-46F8-8EED-AA865CA6E1D2}.Debug|x64.Build.0 = Debug|Any CPU
		{4C9D9CB2-9F7D-46F8-8EED-AA865CA6E1D2}.Debug|x86.ActiveCfg = Debug|Any CPU
		{4C9D9CB2-9F7D-46F8-8EED-AA865CA6E1D2}.Debug|x86.Build.0 = Debug|Any CPU
		{4C9D9CB2-9F7D-46F8-8EED-AA865CA6E1D2}.Release|Any CPU.ActiveCfg = Release|Any CPU
		{4C9D9CB2-9F7D-46F8-8EED-AA865CA6E1D2}.Release|Any CPU.Build.0 = Release|Any CPU
		{4C9D9CB2-9F7D-46F8-8EED-AA865CA6E1D2}.Release|x64.ActiveCfg = Release|Any CPU
		{4C9D9CB2-9F7D-46F8-8EED-AA865CA6E1D2}.Release|x64.Build.0 = Release|Any CPU
		{4C9D9CB2-9F7D-46F8-8EED-AA865CA6E1D2}.Release|x86.ActiveCfg = Release|Any CPU
		{4C9D9CB2-9F7D-46F8-8EED-AA865CA6E1D2}.Release|x86.Build.0 = Release|Any CPU
		{9D58EA56-B118-4CCC-A682-E8795681E91C}.Debug|Any CPU.ActiveCfg = Debug|Any CPU
		{9D58EA56-B118-4CCC-A682-E8795681E91C}.Debug|Any CPU.Build.0 = Debug|Any CPU
		{9D58EA56-B118-4CCC-A682-E8795681E91C}.Debug|x64.ActiveCfg = Debug|Any CPU
		{9D58EA56-B118-4CCC-A682-E8795681E91C}.Debug|x64.Build.0 = Debug|Any CPU
		{9D58EA56-B118-4CCC-A682-E8795681E91C}.Debug|x86.ActiveCfg = Debug|Any CPU
		{9D58EA56-B118-4CCC-A682-E8795681E91C}.Debug|x86.Build.0 = Debug|Any CPU
		{9D58EA56-B118-4CCC-A682-E8795681E91C}.Release|Any CPU.ActiveCfg = Release|Any CPU
		{9D58EA56-B118-4CCC-A682-E8795681E91C}.Release|Any CPU.Build.0 = Release|Any CPU
		{9D58EA56-B118-4CCC-A682-E8795681E91C}.Release|x64.ActiveCfg = Release|Any CPU
		{9D58EA56-B118-4CCC-A682-E8795681E91C}.Release|x64.Build.0 = Release|Any CPU
		{9D58EA56-B118-4CCC-A682-E8795681E91C}.Release|x86.ActiveCfg = Release|Any CPU
		{9D58EA56-B118-4CCC-A682-E8795681E91C}.Release|x86.Build.0 = Release|Any CPU
		{7A3DA47B-83BC-4B02-9F82-F6D950610061}.Debug|Any CPU.ActiveCfg = Debug|Any CPU
		{7A3DA47B-83BC-4B02-9F82-F6D950610061}.Debug|Any CPU.Build.0 = Debug|Any CPU
		{7A3DA47B-83BC-4B02-9F82-F6D950610061}.Debug|x64.ActiveCfg = Debug|Any CPU
		{7A3DA47B-83BC-4B02-9F82-F6D950610061}.Debug|x64.Build.0 = Debug|Any CPU
		{7A3DA47B-83BC-4B02-9F82-F6D950610061}.Debug|x86.ActiveCfg = Debug|Any CPU
		{7A3DA47B-83BC-4B02-9F82-F6D950610061}.Debug|x86.Build.0 = Debug|Any CPU
		{7A3DA47B-83BC-4B02-9F82-F6D950610061}.Release|Any CPU.ActiveCfg = Release|Any CPU
		{7A3DA47B-83BC-4B02-9F82-F6D950610061}.Release|Any CPU.Build.0 = Release|Any CPU
		{7A3DA47B-83BC-4B02-9F82-F6D950610061}.Release|x64.ActiveCfg = Release|Any CPU
		{7A3DA47B-83BC-4B02-9F82-F6D950610061}.Release|x64.Build.0 = Release|Any CPU
		{7A3DA47B-83BC-4B02-9F82-F6D950610061}.Release|x86.ActiveCfg = Release|Any CPU
		{7A3DA47B-83BC-4B02-9F82-F6D950610061}.Release|x86.Build.0 = Release|Any CPU
		{0E7B3D96-52CB-48D5-903A-2C0D6CF4176C}.Debug|Any CPU.ActiveCfg = Debug|Any CPU
		{0E7B3D96-52CB-48D5-903A-2C0D6CF4176C}.Debug|Any CPU.Build.0 = Debug|Any CPU
		{0E7B3D96-52CB-48D5-903A-2C0D6CF4176C}.Debug|x64.ActiveCfg = Debug|Any CPU
		{0E7B3D96-52CB-48D5-903A-2C0D6CF4176C}.Debug|x64.Build.0 = Debug|Any CPU
		{0E7B3D96-52CB-48D5-903A-2C0D6CF4176C}.Debug|x86.ActiveCfg = Debug|Any CPU
		{0E7B3D96-52CB-48D5-903A-2C0D6CF4176C}.Debug|x86.Build.0 = Debug|Any CPU
		{0E7B3D96-52CB-48D5-903A-2C0D6CF4176C}.Release|Any CPU.ActiveCfg = Release|Any CPU
		{0E7B3D96-52CB-48D5-903A-2C0D6CF4176C}.Release|Any CPU.Build.0 = Release|Any CPU
		{0E7B3D96-52CB-48D5-903A-2C0D6CF4176C}.Release|x64.ActiveCfg = Release|Any CPU
		{0E7B3D96-52CB-48D5-903A-2C0D6CF4176C}.Release|x64.Build.0 = Release|Any CPU
		{0E7B3D96-52CB-48D5-903A-2C0D6CF4176C}.Release|x86.ActiveCfg = Release|Any CPU
		{0E7B3D96-52CB-48D5-903A-2C0D6CF4176C}.Release|x86.Build.0 = Release|Any CPU
	EndGlobalSection
	GlobalSection(SolutionProperties) = preSolution
		HideSolutionNode = FALSE
	EndGlobalSection
	GlobalSection(NestedProjects) = preSolution
		{D7398BD4-A177-4481-9FB2-668E67D47DB3} = {04CF994C-C75F-426F-B3FA-F98ED44780D4}
		{EDA0F032-34B3-414E-A6B9-CE5A0ED6864C} = {7AD7803B-1D45-4BE9-8AA3-D5EB77405315}
		{FB805F83-0190-45A9-980F-891D65EF2940} = {7AD7803B-1D45-4BE9-8AA3-D5EB77405315}
		{01E3BB1A-18E0-4B96-A2E9-03AF128A005A} = {9F4DA0B3-B7A8-4DFB-BDBA-A7A504C7E2CF}
		{3979D67A-5407-4D76-9435-EBBE0BE2C293} = {04CF994C-C75F-426F-B3FA-F98ED44780D4}
		{9797AAB8-7879-47D6-9A69-F6CE4B5A1F90} = {04CF994C-C75F-426F-B3FA-F98ED44780D4}
		{B4067C78-D0A1-4194-AB15-DA2CF8ABD702} = {04CF994C-C75F-426F-B3FA-F98ED44780D4}
		{68B5C42E-8B27-459F-90A9-8F0B5A5DB1E7} = {9F4DA0B3-B7A8-4DFB-BDBA-A7A504C7E2CF}
		{63F9099C-5544-4B1A-B84F-EF7F4F00EF77} = {7AD7803B-1D45-4BE9-8AA3-D5EB77405315}
		{8846EEE8-D1C9-4827-96C6-D573AFC0B887} = {7AD7803B-1D45-4BE9-8AA3-D5EB77405315}
		{9DD88FE3-1518-49D8-A9F2-CDAE8573BF5F} = {1DCB8C86-8AA1-4022-8C35-04D95E86D82F}
		{8975458E-9723-4183-BF43-C7B4DA8F1109} = {1DCB8C86-8AA1-4022-8C35-04D95E86D82F}
		{3679D1A8-58E6-4494-AA2F-7290B1AEA994} = {1DCB8C86-8AA1-4022-8C35-04D95E86D82F}
		{A81EBA0E-D684-4429-9CE8-A15AA5D9ACB4} = {1DCB8C86-8AA1-4022-8C35-04D95E86D82F}
		{ADB32BA8-1D7B-4601-9E75-417084A4BBE1} = {1DCB8C86-8AA1-4022-8C35-04D95E86D82F}
		{7EFD0076-9F95-437A-98AB-252527CD96B9} = {23561463-A2F5-40D1-B4DE-CB803F1DCF55}
		{1539C700-6BE8-4D90-A102-B8B6F65CAE51} = {23561463-A2F5-40D1-B4DE-CB803F1DCF55}
		{D4D0A446-3549-4502-BA60-ED7DA73CD44E} = {23561463-A2F5-40D1-B4DE-CB803F1DCF55}
		{E391FB00-BC8F-47F0-BE4E-49E59C0799AF} = {23561463-A2F5-40D1-B4DE-CB803F1DCF55}
		{22C41C85-DC47-4A69-9592-151ED8F05C3C} = {11F2E873-81FD-45EA-A90F-02B886B3B4BB}
		{D2F03229-122D-4532-8B25-A8EF96F10A1E} = {7A8886D6-A950-4A03-8B11-AA6BEC123556}
		{E6FBA781-8462-4317-86C5-ACEE9FC5B2ED} = {7A8886D6-A950-4A03-8B11-AA6BEC123556}
		{D9003938-3A8D-4289-862F-BCC4B6CAB7A0} = {7AD7803B-1D45-4BE9-8AA3-D5EB77405315}
		{7E15F705-AC65-4140-B03A-98F985F39B74} = {23561463-A2F5-40D1-B4DE-CB803F1DCF55}
		{4CA35069-1E6C-4DD3-967D-A98ACDBE1B07} = {7AD7803B-1D45-4BE9-8AA3-D5EB77405315}
		{3A30248C-2B42-40A7-8914-B81D5126E046} = {04CF994C-C75F-426F-B3FA-F98ED44780D4}
		{A2092EF4-8EAB-4B62-9F3F-E36005E1E99A} = {04CF994C-C75F-426F-B3FA-F98ED44780D4}
		{023641F4-D1D8-4961-8EC1-EE9F8A7A83C6} = {04CF994C-C75F-426F-B3FA-F98ED44780D4}
		{AA860267-6770-41BF-9A32-BF3972128531} = {9CE37A5F-6C8E-423C-B9F6-D4B853D1FE6E}
		{102C0107-B6F1-4CFE-8AC3-F120C656621E} = {9CE37A5F-6C8E-423C-B9F6-D4B853D1FE6E}
		{1413A6E7-01A9-4734-A904-700EA2468FB8} = {9CE37A5F-6C8E-423C-B9F6-D4B853D1FE6E}
		{7C1D52E1-BB90-4372-8E2B-4DD2AD93ACB4} = {04CF994C-C75F-426F-B3FA-F98ED44780D4}
		{EBFCC52A-61B6-4976-93A8-AA96789403B5} = {95DC7282-DDFA-47D3-81E7-3E535ABCBCC6}
		{DD81AB20-B818-44A1-BB36-B1787D01461B} = {95DC7282-DDFA-47D3-81E7-3E535ABCBCC6}
		{4DA76B52-FA02-4C3E-9110-973EB6C65ACB} = {23561463-A2F5-40D1-B4DE-CB803F1DCF55}
		{F3E90C19-C14D-4401-A829-DC076C8EA18A} = {23561463-A2F5-40D1-B4DE-CB803F1DCF55}
		{AC78DC91-612F-4083-B89C-8FF54092C7B9} = {7A8886D6-A950-4A03-8B11-AA6BEC123556}
		{15063D76-B0AD-4671-B3A3-F02D0E82A313} = {7A8886D6-A950-4A03-8B11-AA6BEC123556}
		{DE525914-0141-4C8E-B5BA-7FDCC01D957C} = {7A8886D6-A950-4A03-8B11-AA6BEC123556}
		{1163E5FD-275A-44E5-AD6F-3E5187ACC82B} = {9F4DA0B3-B7A8-4DFB-BDBA-A7A504C7E2CF}
		{43AFAB06-B3D7-446A-AD4A-A6B2C70FDD72} = {9F4DA0B3-B7A8-4DFB-BDBA-A7A504C7E2CF}
		{92399EED-B0C6-4FEB-9F08-4E818289DDB5} = {9F4DA0B3-B7A8-4DFB-BDBA-A7A504C7E2CF}
		{4FCC8036-8329-42BE-92DD-3930D457C3CA} = {9F4DA0B3-B7A8-4DFB-BDBA-A7A504C7E2CF}
		{97C07EFC-47FC-4ADD-9305-742F61BD0F6A} = {04CF994C-C75F-426F-B3FA-F98ED44780D4}
		{960356FF-990F-4291-90B8-AC47F3961E5D} = {DCD9A646-B6BB-4449-8541-A45AF6D66D86}
		{BD91E1A7-6532-4059-A7B1-3131ADD34EFC} = {DCD9A646-B6BB-4449-8541-A45AF6D66D86}
		{981224F3-ECFF-45FF-8324-9B3C73FFA23C} = {DCD9A646-B6BB-4449-8541-A45AF6D66D86}
		{8A56F66B-448E-4BB0-8F9D-CBE95817339D} = {04CF994C-C75F-426F-B3FA-F98ED44780D4}
		{76BCA4E8-F5CC-474C-9F2E-537890762AB2} = {259CC34F-688E-4C7C-A9A5-6DF5FDAA301F}
		{328A63A6-D783-4DEA-8F4C-DB8522C81DF7} = {259CC34F-688E-4C7C-A9A5-6DF5FDAA301F}
		{065716C7-D1C9-48CF-B54B-0AB7382A2399} = {259CC34F-688E-4C7C-A9A5-6DF5FDAA301F}
		{85BB5980-28D2-4861-A701-6DDB5E273D15} = {259CC34F-688E-4C7C-A9A5-6DF5FDAA301F}
		{E6DCD997-0AAE-4009-B0E2-1971A82EF89C} = {259CC34F-688E-4C7C-A9A5-6DF5FDAA301F}
		{4C9D9CB2-9F7D-46F8-8EED-AA865CA6E1D2} = {1DCB8C86-8AA1-4022-8C35-04D95E86D82F}
		{9D58EA56-B118-4CCC-A682-E8795681E91C} = {23561463-A2F5-40D1-B4DE-CB803F1DCF55}
		{7A3DA47B-83BC-4B02-9F82-F6D950610061} = {9F4DA0B3-B7A8-4DFB-BDBA-A7A504C7E2CF}
		{0E7B3D96-52CB-48D5-903A-2C0D6CF4176C} = {95DC7282-DDFA-47D3-81E7-3E535ABCBCC6}
	EndGlobalSection
	GlobalSection(ExtensibilityGlobals) = postSolution
		SolutionGuid = {A0A69187-737E-4ACA-B324-99AF60303C94}
	EndGlobalSection
EndGlobal
